// !$*UTF8*$!
{
	archiveVersion = 1;
	classes = {
	};
	objectVersion = 51;
	objects = {

/* Begin PBXBuildFile section */
		399D55F169A6CD12A235DBD8 /* Pods_Store.framework in Frameworks */ = {isa = PBXBuildFile; fileRef = D3261196A611B522A93C279E /* Pods_Store.framework */; };
		D523C0F2254857A50035985A /* AppDelegate.swift in Sources */ = {isa = PBXBuildFile; fileRef = D523C0F1254857A50035985A /* AppDelegate.swift */; };
		D523C0F6254857A50035985A /* AuthViewController.swift in Sources */ = {isa = PBXBuildFile; fileRef = D523C0F5254857A50035985A /* AuthViewController.swift */; };
		D523C0F9254857A50035985A /* Main.storyboard in Resources */ = {isa = PBXBuildFile; fileRef = D523C0F7254857A50035985A /* Main.storyboard */; };
		D523C0FB254857A70035985A /* Assets.xcassets in Resources */ = {isa = PBXBuildFile; fileRef = D523C0FA254857A70035985A /* Assets.xcassets */; };
		D523C0FE254857A70035985A /* LaunchScreen.storyboard in Resources */ = {isa = PBXBuildFile; fileRef = D523C0FC254857A70035985A /* LaunchScreen.storyboard */; };
		D5B5D8F725485B6500A73809 /* R.generated.swift in Sources */ = {isa = PBXBuildFile; fileRef = D5B5D8F625485B6500A73809 /* R.generated.swift */; };
		D5B5D91425485EC200A73809 /* Market.swift in Sources */ = {isa = PBXBuildFile; fileRef = D5B5D91325485EC200A73809 /* Market.swift */; };
		D5B5D9172548610C00A73809 /* Product.swift in Sources */ = {isa = PBXBuildFile; fileRef = D5B5D9162548610C00A73809 /* Product.swift */; };
		D5B5D925254865C400A73809 /* VkApiManager.swift in Sources */ = {isa = PBXBuildFile; fileRef = D5B5D924254865C400A73809 /* VkApiManager.swift */; };
		D5B5D9382548B91900A73809 /* PhotoSizeType.swift in Sources */ = {isa = PBXBuildFile; fileRef = D5B5D9372548B91900A73809 /* PhotoSizeType.swift */; };
		D5B5D93B2548BA8100A73809 /* ServerItems.swift in Sources */ = {isa = PBXBuildFile; fileRef = D5B5D93A2548BA8100A73809 /* ServerItems.swift */; };
		D5B5D9402548C57400A73809 /* Group.swift in Sources */ = {isa = PBXBuildFile; fileRef = D5B5D93F2548C57400A73809 /* Group.swift */; };
		D5B5D9432548C66700A73809 /* City.swift in Sources */ = {isa = PBXBuildFile; fileRef = D5B5D9422548C66700A73809 /* City.swift */; };
		D5B5D9482548DA3F00A73809 /* Photo.swift in Sources */ = {isa = PBXBuildFile; fileRef = D5B5D9472548DA3F00A73809 /* Photo.swift */; };
		D5B5D94B2548DFB500A73809 /* Price.swift in Sources */ = {isa = PBXBuildFile; fileRef = D5B5D94A2548DFB500A73809 /* Price.swift */; };
		D5B5D94F2548E20200A73809 /* Country.swift in Sources */ = {isa = PBXBuildFile; fileRef = D5B5D94E2548E20200A73809 /* Country.swift */; };
/* End PBXBuildFile section */

/* Begin PBXFileReference section */
		9C2856238F7BE29BD2F28A14 /* Pods-Store.debug.xcconfig */ = {isa = PBXFileReference; includeInIndex = 1; lastKnownFileType = text.xcconfig; name = "Pods-Store.debug.xcconfig"; path = "Target Support Files/Pods-Store/Pods-Store.debug.xcconfig"; sourceTree = "<group>"; };
		D3261196A611B522A93C279E /* Pods_Store.framework */ = {isa = PBXFileReference; explicitFileType = wrapper.framework; includeInIndex = 0; path = Pods_Store.framework; sourceTree = BUILT_PRODUCTS_DIR; };
		D523C0EE254857A50035985A /* Store.app */ = {isa = PBXFileReference; explicitFileType = wrapper.application; includeInIndex = 0; path = Store.app; sourceTree = BUILT_PRODUCTS_DIR; };
		D523C0F1254857A50035985A /* AppDelegate.swift */ = {isa = PBXFileReference; lastKnownFileType = sourcecode.swift; path = AppDelegate.swift; sourceTree = "<group>"; };
		D523C0F5254857A50035985A /* AuthViewController.swift */ = {isa = PBXFileReference; lastKnownFileType = sourcecode.swift; path = AuthViewController.swift; sourceTree = "<group>"; };
		D523C0F8254857A50035985A /* Base */ = {isa = PBXFileReference; lastKnownFileType = file.storyboard; name = Base; path = Base.lproj/Main.storyboard; sourceTree = "<group>"; };
		D523C0FA254857A70035985A /* Assets.xcassets */ = {isa = PBXFileReference; lastKnownFileType = folder.assetcatalog; path = Assets.xcassets; sourceTree = "<group>"; };
		D523C0FD254857A70035985A /* Base */ = {isa = PBXFileReference; lastKnownFileType = file.storyboard; name = Base; path = Base.lproj/LaunchScreen.storyboard; sourceTree = "<group>"; };
		D523C0FF254857A70035985A /* Info.plist */ = {isa = PBXFileReference; lastKnownFileType = text.plist.xml; path = Info.plist; sourceTree = "<group>"; };
		D5B5D8F625485B6500A73809 /* R.generated.swift */ = {isa = PBXFileReference; fileEncoding = 4; lastKnownFileType = sourcecode.swift; path = R.generated.swift; sourceTree = "<group>"; };
		D5B5D91325485EC200A73809 /* Market.swift */ = {isa = PBXFileReference; lastKnownFileType = sourcecode.swift; path = Market.swift; sourceTree = "<group>"; };
		D5B5D9162548610C00A73809 /* Product.swift */ = {isa = PBXFileReference; lastKnownFileType = sourcecode.swift; path = Product.swift; sourceTree = "<group>"; };
		D5B5D924254865C400A73809 /* VkApiManager.swift */ = {isa = PBXFileReference; lastKnownFileType = sourcecode.swift; path = VkApiManager.swift; sourceTree = "<group>"; };
		D5B5D9372548B91900A73809 /* PhotoSizeType.swift */ = {isa = PBXFileReference; lastKnownFileType = sourcecode.swift; path = PhotoSizeType.swift; sourceTree = "<group>"; };
		D5B5D93A2548BA8100A73809 /* ServerItems.swift */ = {isa = PBXFileReference; lastKnownFileType = sourcecode.swift; path = ServerItems.swift; sourceTree = "<group>"; };
		D5B5D93F2548C57400A73809 /* Group.swift */ = {isa = PBXFileReference; lastKnownFileType = sourcecode.swift; path = Group.swift; sourceTree = "<group>"; };
		D5B5D9422548C66700A73809 /* City.swift */ = {isa = PBXFileReference; lastKnownFileType = sourcecode.swift; path = City.swift; sourceTree = "<group>"; };
		D5B5D9472548DA3F00A73809 /* Photo.swift */ = {isa = PBXFileReference; lastKnownFileType = sourcecode.swift; path = Photo.swift; sourceTree = "<group>"; };
		D5B5D94A2548DFB500A73809 /* Price.swift */ = {isa = PBXFileReference; lastKnownFileType = sourcecode.swift; path = Price.swift; sourceTree = "<group>"; };
		D5B5D94E2548E20200A73809 /* Country.swift */ = {isa = PBXFileReference; lastKnownFileType = sourcecode.swift; path = Country.swift; sourceTree = "<group>"; };
		E8FDE494F660D55EA1751D69 /* Pods-Store.release.xcconfig */ = {isa = PBXFileReference; includeInIndex = 1; lastKnownFileType = text.xcconfig; name = "Pods-Store.release.xcconfig"; path = "Target Support Files/Pods-Store/Pods-Store.release.xcconfig"; sourceTree = "<group>"; };
/* End PBXFileReference section */

/* Begin PBXFrameworksBuildPhase section */
		D523C0EB254857A50035985A /* Frameworks */ = {
			isa = PBXFrameworksBuildPhase;
			buildActionMask = 2147483647;
			files = (
				399D55F169A6CD12A235DBD8 /* Pods_Store.framework in Frameworks */,
			);
			runOnlyForDeploymentPostprocessing = 0;
		};
/* End PBXFrameworksBuildPhase section */

/* Begin PBXGroup section */
		29DB0B4BDA86BF467FF0636C /* Frameworks */ = {
			isa = PBXGroup;
			children = (
				D3261196A611B522A93C279E /* Pods_Store.framework */,
			);
			name = Frameworks;
			sourceTree = "<group>";
		};
		D3443B29BBB77C28CC12F1B3 /* Pods */ = {
			isa = PBXGroup;
			children = (
				9C2856238F7BE29BD2F28A14 /* Pods-Store.debug.xcconfig */,
				E8FDE494F660D55EA1751D69 /* Pods-Store.release.xcconfig */,
			);
			path = Pods;
			sourceTree = "<group>";
		};
		D523C0E5254857A50035985A = {
			isa = PBXGroup;
			children = (
				D523C0F0254857A50035985A /* Store */,
				D523C0EF254857A50035985A /* Products */,
				D3443B29BBB77C28CC12F1B3 /* Pods */,
				29DB0B4BDA86BF467FF0636C /* Frameworks */,
			);
			sourceTree = "<group>";
		};
		D523C0EF254857A50035985A /* Products */ = {
			isa = PBXGroup;
			children = (
				D523C0EE254857A50035985A /* Store.app */,
			);
			name = Products;
			sourceTree = "<group>";
		};
		D523C0F0254857A50035985A /* Store */ = {
			isa = PBXGroup;
			children = (
				D5B5D90B25485E1600A73809 /* Model */,
				D5B5D9192548629200A73809 /* Managers */,
				D5B5D90C25485E1F00A73809 /* View */,
				D5B5D8EF25485AC200A73809 /* Supporting files */,
			);
			path = Store;
			sourceTree = "<group>";
		};
		D5B5D8EF25485AC200A73809 /* Supporting files */ = {
			isa = PBXGroup;
			children = (
				D5B5D8F625485B6500A73809 /* R.generated.swift */,
				D523C0F1254857A50035985A /* AppDelegate.swift */,
				D523C0FA254857A70035985A /* Assets.xcassets */,
				D523C0FC254857A70035985A /* LaunchScreen.storyboard */,
				D523C0FF254857A70035985A /* Info.plist */,
			);
			path = "Supporting files";
			sourceTree = "<group>";
		};
		D5B5D90B25485E1600A73809 /* Model */ = {
			isa = PBXGroup;
			children = (
				D5B5D91325485EC200A73809 /* Market.swift */,
				D5B5D9162548610C00A73809 /* Product.swift */,
				D5B5D94A2548DFB500A73809 /* Price.swift */,
				D5B5D9472548DA3F00A73809 /* Photo.swift */,
				D5B5D93F2548C57400A73809 /* Group.swift */,
				D5B5D9422548C66700A73809 /* City.swift */,
				D5B5D94E2548E20200A73809 /* Country.swift */,
				D5B5D9372548B91900A73809 /* PhotoSizeType.swift */,
			);
			path = Model;
			sourceTree = "<group>";
		};
		D5B5D90C25485E1F00A73809 /* View */ = {
			isa = PBXGroup;
			children = (
				D523C0F7254857A50035985A /* Main.storyboard */,
				D5B5D90E25485E4B00A73809 /* Controllers */,
			);
			path = View;
			sourceTree = "<group>";
		};
		D5B5D90E25485E4B00A73809 /* Controllers */ = {
			isa = PBXGroup;
			children = (
				D523C0F5254857A50035985A /* AuthViewController.swift */,
			);
			path = Controllers;
			sourceTree = "<group>";
		};
		D5B5D9192548629200A73809 /* Managers */ = {
			isa = PBXGroup;
			children = (
				D5B5D924254865C400A73809 /* VkApiManager.swift */,
				D5B5D93A2548BA8100A73809 /* ServerItems.swift */,
			);
			path = Managers;
			sourceTree = "<group>";
		};
/* End PBXGroup section */

/* Begin PBXNativeTarget section */
		D523C0ED254857A50035985A /* Store */ = {
			isa = PBXNativeTarget;
			buildConfigurationList = D523C102254857A70035985A /* Build configuration list for PBXNativeTarget "Store" */;
			buildPhases = (
				BFE7C606FF88A1973E9E85AF /* [CP] Check Pods Manifest.lock */,
				D5B5D8EC25485A6E00A73809 /* R.swift */,
				D5B5D8ED25485A7100A73809 /* Swift lint */,
				D523C0EA254857A50035985A /* Sources */,
				D523C0EB254857A50035985A /* Frameworks */,
				D523C0EC254857A50035985A /* Resources */,
				52E1FCF7E1C8BB64D5C86DDE /* [CP] Embed Pods Frameworks */,
			);
			buildRules = (
			);
			dependencies = (
			);
			name = Store;
			packageProductDependencies = (
			);
			productName = Store;
			productReference = D523C0EE254857A50035985A /* Store.app */;
			productType = "com.apple.product-type.application";
		};
/* End PBXNativeTarget section */

/* Begin PBXProject section */
		D523C0E6254857A50035985A /* Project object */ = {
			isa = PBXProject;
			attributes = {
				LastSwiftUpdateCheck = 1200;
				LastUpgradeCheck = 1200;
				TargetAttributes = {
					D523C0ED254857A50035985A = {
						CreatedOnToolsVersion = 12.0.1;
					};
				};
			};
			buildConfigurationList = D523C0E9254857A50035985A /* Build configuration list for PBXProject "Store" */;
			compatibilityVersion = "Xcode 9.3";
			developmentRegion = en;
			hasScannedForEncodings = 0;
			knownRegions = (
				en,
				Base,
			);
			mainGroup = D523C0E5254857A50035985A;
			productRefGroup = D523C0EF254857A50035985A /* Products */;
			projectDirPath = "";
			projectRoot = "";
			targets = (
				D523C0ED254857A50035985A /* Store */,
			);
		};
/* End PBXProject section */

/* Begin PBXResourcesBuildPhase section */
		D523C0EC254857A50035985A /* Resources */ = {
			isa = PBXResourcesBuildPhase;
			buildActionMask = 2147483647;
			files = (
				D523C0FE254857A70035985A /* LaunchScreen.storyboard in Resources */,
				D523C0FB254857A70035985A /* Assets.xcassets in Resources */,
				D523C0F9254857A50035985A /* Main.storyboard in Resources */,
			);
			runOnlyForDeploymentPostprocessing = 0;
		};
/* End PBXResourcesBuildPhase section */

/* Begin PBXShellScriptBuildPhase section */
		52E1FCF7E1C8BB64D5C86DDE /* [CP] Embed Pods Frameworks */ = {
			isa = PBXShellScriptBuildPhase;
			buildActionMask = 2147483647;
			files = (
			);
			inputFileListPaths = (
				"${PODS_ROOT}/Target Support Files/Pods-Store/Pods-Store-frameworks-${CONFIGURATION}-input-files.xcfilelist",
			);
			name = "[CP] Embed Pods Frameworks";
			outputFileListPaths = (
				"${PODS_ROOT}/Target Support Files/Pods-Store/Pods-Store-frameworks-${CONFIGURATION}-output-files.xcfilelist",
			);
			runOnlyForDeploymentPostprocessing = 0;
			shellPath = /bin/sh;
			shellScript = "\"${PODS_ROOT}/Target Support Files/Pods-Store/Pods-Store-frameworks.sh\"\n";
			showEnvVarsInLog = 0;
		};
		BFE7C606FF88A1973E9E85AF /* [CP] Check Pods Manifest.lock */ = {
			isa = PBXShellScriptBuildPhase;
			buildActionMask = 2147483647;
			files = (
			);
			inputFileListPaths = (
			);
			inputPaths = (
				"${PODS_PODFILE_DIR_PATH}/Podfile.lock",
				"${PODS_ROOT}/Manifest.lock",
			);
			name = "[CP] Check Pods Manifest.lock";
			outputFileListPaths = (
			);
			outputPaths = (
				"$(DERIVED_FILE_DIR)/Pods-Store-checkManifestLockResult.txt",
			);
			runOnlyForDeploymentPostprocessing = 0;
			shellPath = /bin/sh;
			shellScript = "diff \"${PODS_PODFILE_DIR_PATH}/Podfile.lock\" \"${PODS_ROOT}/Manifest.lock\" > /dev/null\nif [ $? != 0 ] ; then\n    # print error to STDERR\n    echo \"error: The sandbox is not in sync with the Podfile.lock. Run 'pod install' or update your CocoaPods installation.\" >&2\n    exit 1\nfi\n# This output is used by Xcode 'outputs' to avoid re-running this script phase.\necho \"SUCCESS\" > \"${SCRIPT_OUTPUT_FILE_0}\"\n";
			showEnvVarsInLog = 0;
		};
		D5B5D8EC25485A6E00A73809 /* R.swift */ = {
			isa = PBXShellScriptBuildPhase;
			buildActionMask = 2147483647;
			files = (
			);
			inputFileListPaths = (
			);
			inputPaths = (
				"$(TEMP_DIR)/rswift-lastrun",
			);
			name = R.swift;
			outputFileListPaths = (
			);
			outputPaths = (
				"$(SRCROOT)/Store/Supporting files/R.generated.swift",
			);
			runOnlyForDeploymentPostprocessing = 0;
			shellPath = /bin/sh;
			shellScript = "rswift=\"$PODS_ROOT/R.swift/rswift\"\nif [ -f $rswift ]; then\n  $rswift generate \"$SRCROOT/Store/Supporting files/R.generated.swift\"\nelse\n  echo \"error: R.swift not installed; run pod install to install\"\n  return -1\nfi\n";
		};
		D5B5D8ED25485A7100A73809 /* Swift lint */ = {
			isa = PBXShellScriptBuildPhase;
			buildActionMask = 2147483647;
			files = (
			);
			inputFileListPaths = (
			);
			inputPaths = (
			);
			name = "Swift lint";
			outputFileListPaths = (
			);
			outputPaths = (
			);
			runOnlyForDeploymentPostprocessing = 0;
			shellPath = /bin/sh;
			shellScript = "if which swiftlint >/dev/null; then\n    swiftlint\nelse\n    echo \"warning: SwiftLint not installed, download from https://github.com/realm/SwiftLint\"\nfi\n";
		};
/* End PBXShellScriptBuildPhase section */

/* Begin PBXSourcesBuildPhase section */
		D523C0EA254857A50035985A /* Sources */ = {
			isa = PBXSourcesBuildPhase;
			buildActionMask = 2147483647;
			files = (
				D5B5D9382548B91900A73809 /* PhotoSizeType.swift in Sources */,
				D5B5D9432548C66700A73809 /* City.swift in Sources */,
				D5B5D91425485EC200A73809 /* Market.swift in Sources */,
				D523C0F6254857A50035985A /* AuthViewController.swift in Sources */,
				D5B5D94F2548E20200A73809 /* Country.swift in Sources */,
				D5B5D9402548C57400A73809 /* Group.swift in Sources */,
				D5B5D94B2548DFB500A73809 /* Price.swift in Sources */,
				D5B5D925254865C400A73809 /* VkApiManager.swift in Sources */,
				D523C0F2254857A50035985A /* AppDelegate.swift in Sources */,
				D5B5D9482548DA3F00A73809 /* Photo.swift in Sources */,
				D5B5D8F725485B6500A73809 /* R.generated.swift in Sources */,
				D5B5D9172548610C00A73809 /* Product.swift in Sources */,
				D5B5D93B2548BA8100A73809 /* ServerItems.swift in Sources */,
			);
			runOnlyForDeploymentPostprocessing = 0;
		};
/* End PBXSourcesBuildPhase section */

/* Begin PBXVariantGroup section */
		D523C0F7254857A50035985A /* Main.storyboard */ = {
			isa = PBXVariantGroup;
			children = (
				D523C0F8254857A50035985A /* Base */,
			);
			name = Main.storyboard;
			sourceTree = "<group>";
		};
		D523C0FC254857A70035985A /* LaunchScreen.storyboard */ = {
			isa = PBXVariantGroup;
			children = (
				D523C0FD254857A70035985A /* Base */,
			);
			name = LaunchScreen.storyboard;
			sourceTree = "<group>";
		};
/* End PBXVariantGroup section */

/* Begin XCBuildConfiguration section */
		D523C100254857A70035985A /* Debug */ = {
			isa = XCBuildConfiguration;
			buildSettings = {
				ALWAYS_SEARCH_USER_PATHS = NO;
				CLANG_ANALYZER_NONNULL = YES;
				CLANG_ANALYZER_NUMBER_OBJECT_CONVERSION = YES_AGGRESSIVE;
				CLANG_CXX_LANGUAGE_STANDARD = "gnu++14";
				CLANG_CXX_LIBRARY = "libc++";
				CLANG_ENABLE_MODULES = YES;
				CLANG_ENABLE_OBJC_ARC = YES;
				CLANG_ENABLE_OBJC_WEAK = YES;
				CLANG_WARN_BLOCK_CAPTURE_AUTORELEASING = YES;
				CLANG_WARN_BOOL_CONVERSION = YES;
				CLANG_WARN_COMMA = YES;
				CLANG_WARN_CONSTANT_CONVERSION = YES;
				CLANG_WARN_DEPRECATED_OBJC_IMPLEMENTATIONS = YES;
				CLANG_WARN_DIRECT_OBJC_ISA_USAGE = YES_ERROR;
				CLANG_WARN_DOCUMENTATION_COMMENTS = YES;
				CLANG_WARN_EMPTY_BODY = YES;
				CLANG_WARN_ENUM_CONVERSION = YES;
				CLANG_WARN_INFINITE_RECURSION = YES;
				CLANG_WARN_INT_CONVERSION = YES;
				CLANG_WARN_NON_LITERAL_NULL_CONVERSION = YES;
				CLANG_WARN_OBJC_IMPLICIT_RETAIN_SELF = YES;
				CLANG_WARN_OBJC_LITERAL_CONVERSION = YES;
				CLANG_WARN_OBJC_ROOT_CLASS = YES_ERROR;
				CLANG_WARN_QUOTED_INCLUDE_IN_FRAMEWORK_HEADER = YES;
				CLANG_WARN_RANGE_LOOP_ANALYSIS = YES;
				CLANG_WARN_STRICT_PROTOTYPES = YES;
				CLANG_WARN_SUSPICIOUS_MOVE = YES;
				CLANG_WARN_UNGUARDED_AVAILABILITY = YES_AGGRESSIVE;
				CLANG_WARN_UNREACHABLE_CODE = YES;
				CLANG_WARN__DUPLICATE_METHOD_MATCH = YES;
				COPY_PHASE_STRIP = NO;
				DEBUG_INFORMATION_FORMAT = dwarf;
				ENABLE_STRICT_OBJC_MSGSEND = YES;
				ENABLE_TESTABILITY = YES;
				GCC_C_LANGUAGE_STANDARD = gnu11;
				GCC_DYNAMIC_NO_PIC = NO;
				GCC_NO_COMMON_BLOCKS = YES;
				GCC_OPTIMIZATION_LEVEL = 0;
				GCC_PREPROCESSOR_DEFINITIONS = (
					"DEBUG=1",
					"$(inherited)",
				);
				GCC_WARN_64_TO_32_BIT_CONVERSION = YES;
				GCC_WARN_ABOUT_RETURN_TYPE = YES_ERROR;
				GCC_WARN_UNDECLARED_SELECTOR = YES;
				GCC_WARN_UNINITIALIZED_AUTOS = YES_AGGRESSIVE;
				GCC_WARN_UNUSED_FUNCTION = YES;
				GCC_WARN_UNUSED_VARIABLE = YES;
				IPHONEOS_DEPLOYMENT_TARGET = 14.0;
				MTL_ENABLE_DEBUG_INFO = INCLUDE_SOURCE;
				MTL_FAST_MATH = YES;
				ONLY_ACTIVE_ARCH = YES;
				SDKROOT = iphoneos;
				SWIFT_ACTIVE_COMPILATION_CONDITIONS = DEBUG;
				SWIFT_OPTIMIZATION_LEVEL = "-Onone";
			};
			name = Debug;
		};
		D523C101254857A70035985A /* Release */ = {
			isa = XCBuildConfiguration;
			buildSettings = {
				ALWAYS_SEARCH_USER_PATHS = NO;
				CLANG_ANALYZER_NONNULL = YES;
				CLANG_ANALYZER_NUMBER_OBJECT_CONVERSION = YES_AGGRESSIVE;
				CLANG_CXX_LANGUAGE_STANDARD = "gnu++14";
				CLANG_CXX_LIBRARY = "libc++";
				CLANG_ENABLE_MODULES = YES;
				CLANG_ENABLE_OBJC_ARC = YES;
				CLANG_ENABLE_OBJC_WEAK = YES;
				CLANG_WARN_BLOCK_CAPTURE_AUTORELEASING = YES;
				CLANG_WARN_BOOL_CONVERSION = YES;
				CLANG_WARN_COMMA = YES;
				CLANG_WARN_CONSTANT_CONVERSION = YES;
				CLANG_WARN_DEPRECATED_OBJC_IMPLEMENTATIONS = YES;
				CLANG_WARN_DIRECT_OBJC_ISA_USAGE = YES_ERROR;
				CLANG_WARN_DOCUMENTATION_COMMENTS = YES;
				CLANG_WARN_EMPTY_BODY = YES;
				CLANG_WARN_ENUM_CONVERSION = YES;
				CLANG_WARN_INFINITE_RECURSION = YES;
				CLANG_WARN_INT_CONVERSION = YES;
				CLANG_WARN_NON_LITERAL_NULL_CONVERSION = YES;
				CLANG_WARN_OBJC_IMPLICIT_RETAIN_SELF = YES;
				CLANG_WARN_OBJC_LITERAL_CONVERSION = YES;
				CLANG_WARN_OBJC_ROOT_CLASS = YES_ERROR;
				CLANG_WARN_QUOTED_INCLUDE_IN_FRAMEWORK_HEADER = YES;
				CLANG_WARN_RANGE_LOOP_ANALYSIS = YES;
				CLANG_WARN_STRICT_PROTOTYPES = YES;
				CLANG_WARN_SUSPICIOUS_MOVE = YES;
				CLANG_WARN_UNGUARDED_AVAILABILITY = YES_AGGRESSIVE;
				CLANG_WARN_UNREACHABLE_CODE = YES;
				CLANG_WARN__DUPLICATE_METHOD_MATCH = YES;
				COPY_PHASE_STRIP = NO;
				DEBUG_INFORMATION_FORMAT = "dwarf-with-dsym";
				ENABLE_NS_ASSERTIONS = NO;
				ENABLE_STRICT_OBJC_MSGSEND = YES;
				GCC_C_LANGUAGE_STANDARD = gnu11;
				GCC_NO_COMMON_BLOCKS = YES;
				GCC_WARN_64_TO_32_BIT_CONVERSION = YES;
				GCC_WARN_ABOUT_RETURN_TYPE = YES_ERROR;
				GCC_WARN_UNDECLARED_SELECTOR = YES;
				GCC_WARN_UNINITIALIZED_AUTOS = YES_AGGRESSIVE;
				GCC_WARN_UNUSED_FUNCTION = YES;
				GCC_WARN_UNUSED_VARIABLE = YES;
				IPHONEOS_DEPLOYMENT_TARGET = 14.0;
				MTL_ENABLE_DEBUG_INFO = NO;
				MTL_FAST_MATH = YES;
				SDKROOT = iphoneos;
				SWIFT_COMPILATION_MODE = wholemodule;
				SWIFT_OPTIMIZATION_LEVEL = "-O";
				VALIDATE_PRODUCT = YES;
			};
			name = Release;
		};
		D523C103254857A70035985A /* Debug */ = {
			isa = XCBuildConfiguration;
			baseConfigurationReference = 9C2856238F7BE29BD2F28A14 /* Pods-Store.debug.xcconfig */;
			buildSettings = {
				ASSETCATALOG_COMPILER_APPICON_NAME = AppIcon;
				ASSETCATALOG_COMPILER_GLOBAL_ACCENT_COLOR_NAME = AccentColor;
				CODE_SIGN_STYLE = Automatic;
				DEVELOPMENT_TEAM = UV9KR38NWW;
				INFOPLIST_FILE = "Store/Supporting files/Info.plist";
				IPHONEOS_DEPLOYMENT_TARGET = 10.0;
				LD_RUNPATH_SEARCH_PATHS = (
					"$(inherited)",
					"@executable_path/Frameworks",
				);
				PRODUCT_BUNDLE_IDENTIFIER = "Philip-Dukhov.VK-CUP-Final";
				PRODUCT_NAME = "$(TARGET_NAME)";
				SWIFT_VERSION = 5.0;
				TARGETED_DEVICE_FAMILY = "1,2";
			};
			name = Debug;
		};
		D523C104254857A70035985A /* Release */ = {
			isa = XCBuildConfiguration;
			baseConfigurationReference = E8FDE494F660D55EA1751D69 /* Pods-Store.release.xcconfig */;
			buildSettings = {
				ASSETCATALOG_COMPILER_APPICON_NAME = AppIcon;
				ASSETCATALOG_COMPILER_GLOBAL_ACCENT_COLOR_NAME = AccentColor;
				CODE_SIGN_STYLE = Automatic;
				DEVELOPMENT_TEAM = UV9KR38NWW;
				INFOPLIST_FILE = "Store/Supporting files/Info.plist";
				IPHONEOS_DEPLOYMENT_TARGET = 10.0;
				LD_RUNPATH_SEARCH_PATHS = (
					"$(inherited)",
					"@executable_path/Frameworks",
				);
				PRODUCT_BUNDLE_IDENTIFIER = "Philip-Dukhov.VK-CUP-Final";
				PRODUCT_NAME = "$(TARGET_NAME)";
				SWIFT_VERSION = 5.0;
				TARGETED_DEVICE_FAMILY = "1,2";
			};
			name = Release;
		};
/* End XCBuildConfiguration section */

/* Begin XCConfigurationList section */
		D523C0E9254857A50035985A /* Build configuration list for PBXProject "Store" */ = {
			isa = XCConfigurationList;
			buildConfigurations = (
				D523C100254857A70035985A /* Debug */,
				D523C101254857A70035985A /* Release */,
			);
			defaultConfigurationIsVisible = 0;
			defaultConfigurationName = Release;
		};
		D523C102254857A70035985A /* Build configuration list for PBXNativeTarget "Store" */ = {
			isa = XCConfigurationList;
			buildConfigurations = (
				D523C103254857A70035985A /* Debug */,
				D523C104254857A70035985A /* Release */,
			);
			defaultConfigurationIsVisible = 0;
			defaultConfigurationName = Release;
		};
/* End XCConfigurationList section */
	};
	rootObject = D523C0E6254857A50035985A /* Project object */;
}
