// !$*UTF8*$!
{
	archiveVersion = 1;
	classes = {
	};
	objectVersion = 51;
	objects = {

/* Begin PBXBuildFile section */
		399D55F169A6CD12A235DBD8 /* Pods_Store.framework in Frameworks */ = {isa = PBXBuildFile; fileRef = D3261196A611B522A93C279E /* Pods_Store.framework */; };
		D505B153254CD6EF003DCC46 /* BasePrepareStoryViewController.swift in Sources */ = {isa = PBXBuildFile; fileRef = D505B151254CD6EF003DCC46 /* BasePrepareStoryViewController.swift */; };
		D505B154254CD6EF003DCC46 /* TrimSliderControl.swift in Sources */ = {isa = PBXBuildFile; fileRef = D505B152254CD6EF003DCC46 /* TrimSliderControl.swift */; };
		D51AA2F6254ADFB00087CBF4 /* Identifiable.swift in Sources */ = {isa = PBXBuildFile; fileRef = D51AA2F5254ADFB00087CBF4 /* Identifiable.swift */; };
		D51AA2FE254AE7CD0087CBF4 /* ActionButton.swift in Sources */ = {isa = PBXBuildFile; fileRef = D51AA2FD254AE7CD0087CBF4 /* ActionButton.swift */; };
		D51AA302254AE9140087CBF4 /* ChooseCityCell.swift in Sources */ = {isa = PBXBuildFile; fileRef = D51AA301254AE9140087CBF4 /* ChooseCityCell.swift */; };
		D51AA31A254B04BC0087CBF4 /* URL+appendingQueryParameters.swift in Sources */ = {isa = PBXBuildFile; fileRef = D51AA319254B04BC0087CBF4 /* URL+appendingQueryParameters.swift */; };
		D51AA31E254B0CC50087CBF4 /* ProductsListApiManager.swift in Sources */ = {isa = PBXBuildFile; fileRef = D51AA31D254B0CC50087CBF4 /* ProductsListApiManager.swift */; };
		D51AA321254B108E0087CBF4 /* Optional+mapOnMain.swift in Sources */ = {isa = PBXBuildFile; fileRef = D51AA320254B108E0087CBF4 /* Optional+mapOnMain.swift */; };
		D51AA325254B1F9B0087CBF4 /* ProductsListViewController.swift in Sources */ = {isa = PBXBuildFile; fileRef = D51AA324254B1F9B0087CBF4 /* ProductsListViewController.swift */; };
		D51AA328254B1FE20087CBF4 /* ProductsListLeaf.swift in Sources */ = {isa = PBXBuildFile; fileRef = D51AA327254B1FE20087CBF4 /* ProductsListLeaf.swift */; };
		D51AA32F254B25C30087CBF4 /* ProductListCellModel.swift in Sources */ = {isa = PBXBuildFile; fileRef = D51AA32E254B25C30087CBF4 /* ProductListCellModel.swift */; };
		D51E843B254B68E700378BF9 /* ProductPageViewController.swift in Sources */ = {isa = PBXBuildFile; fileRef = D51E843A254B68E700378BF9 /* ProductPageViewController.swift */; };
		D51E843E254B68F900378BF9 /* ProductPageDescriptionCell.swift in Sources */ = {isa = PBXBuildFile; fileRef = D51E843D254B68F900378BF9 /* ProductPageDescriptionCell.swift */; };
		D51E8442254B6D1600378BF9 /* ImageCell.swift in Sources */ = {isa = PBXBuildFile; fileRef = D51E8441254B6D1600378BF9 /* ImageCell.swift */; };
		D51E8446254B73BC00378BF9 /* SelectableButton.swift in Sources */ = {isa = PBXBuildFile; fileRef = D51E8445254B73BC00378BF9 /* SelectableButton.swift */; };
		D51E844A254B763100378BF9 /* ProductPageLeaf.swift in Sources */ = {isa = PBXBuildFile; fileRef = D51E8449254B763100378BF9 /* ProductPageLeaf.swift */; };
		D51E844E254B7DB700378BF9 /* ProductImageCellModel.swift in Sources */ = {isa = PBXBuildFile; fileRef = D51E844D254B7DB700378BF9 /* ProductImageCellModel.swift */; };
		D51E8456254C483800378BF9 /* LinkResolverApiManager.swift in Sources */ = {isa = PBXBuildFile; fileRef = D51E8455254C483800378BF9 /* LinkResolverApiManager.swift */; };
		D51E8459254C498200378BF9 /* GroupAndProducts.swift in Sources */ = {isa = PBXBuildFile; fileRef = D51E8458254C498200378BF9 /* GroupAndProducts.swift */; };
		D51E845C254C4AB000378BF9 /* ProductPageApiManager.swift in Sources */ = {isa = PBXBuildFile; fileRef = D51E845B254C4AB000378BF9 /* ProductPageApiManager.swift */; };
		D51E845F254C575900378BF9 /* UIView+animateWithCondition.swift in Sources */ = {isa = PBXBuildFile; fileRef = D51E845E254C575900378BF9 /* UIView+animateWithCondition.swift */; };
		D51E8468254C594D00378BF9 /* PreviewView.swift in Sources */ = {isa = PBXBuildFile; fileRef = D51E8467254C594D00378BF9 /* PreviewView.swift */; };
		D51E846B254C5AB600378BF9 /* CaptureButton.swift in Sources */ = {isa = PBXBuildFile; fileRef = D51E846A254C5AB600378BF9 /* CaptureButton.swift */; };
		D51E846E254C5B0400378BF9 /* CameraViewController.swift in Sources */ = {isa = PBXBuildFile; fileRef = D51E846D254C5B0400378BF9 /* CameraViewController.swift */; };
		D51E8473254C5D6F00378BF9 /* CoreGraphics+Extensions.swift in Sources */ = {isa = PBXBuildFile; fileRef = D51E8472254C5D6F00378BF9 /* CoreGraphics+Extensions.swift */; };
		D51E8476254C649100378BF9 /* NSError+description.swift in Sources */ = {isa = PBXBuildFile; fileRef = D51E8475254C649100378BF9 /* NSError+description.swift */; };
		D51E8479254C65B300378BF9 /* Bundle+displayName.swift in Sources */ = {isa = PBXBuildFile; fileRef = D51E8478254C65B300378BF9 /* Bundle+displayName.swift */; };
		D51E847C254C859900378BF9 /* UINavigationController+replaceTopController.swift in Sources */ = {isa = PBXBuildFile; fileRef = D51E847B254C859900378BF9 /* UINavigationController+replaceTopController.swift */; };
		D523C0F2254857A50035985A /* AppDelegate.swift in Sources */ = {isa = PBXBuildFile; fileRef = D523C0F1254857A50035985A /* AppDelegate.swift */; };
		D523C0F6254857A50035985A /* AuthViewController.swift in Sources */ = {isa = PBXBuildFile; fileRef = D523C0F5254857A50035985A /* AuthViewController.swift */; };
		D523C0F9254857A50035985A /* Main.storyboard in Resources */ = {isa = PBXBuildFile; fileRef = D523C0F7254857A50035985A /* Main.storyboard */; };
		D523C0FB254857A70035985A /* Assets.xcassets in Resources */ = {isa = PBXBuildFile; fileRef = D523C0FA254857A70035985A /* Assets.xcassets */; };
		D523C0FE254857A70035985A /* LaunchScreen.storyboard in Resources */ = {isa = PBXBuildFile; fileRef = D523C0FC254857A70035985A /* LaunchScreen.storyboard */; };
		D5315E1D254CF77800F0859F /* ShareStoryApiManager.swift in Sources */ = {isa = PBXBuildFile; fileRef = D5315E1C254CF77800F0859F /* ShareStoryApiManager.swift */; };
		D543B5C4254D3BE8007AA5CB /* StoryProductView.swift in Sources */ = {isa = PBXBuildFile; fileRef = D543B5C3254D3BE8007AA5CB /* StoryProductView.swift */; };
		D55DCB74254DD568002529D2 /* UIViewController+presentError.swift in Sources */ = {isa = PBXBuildFile; fileRef = D55DCB73254DD568002529D2 /* UIViewController+presentError.swift */; };
		D58778FA254CB5C0002040AA /* AVCaptureDevice.DiscoverySession+uniqueDevicePositionsCount.swift in Sources */ = {isa = PBXBuildFile; fileRef = D58778F9254CB5C0002040AA /* AVCaptureDevice.DiscoverySession+uniqueDevicePositionsCount.swift */; };
		D58778FD254CB7AB002040AA /* CALayer+Animation.swift in Sources */ = {isa = PBXBuildFile; fileRef = D58778FC254CB7AB002040AA /* CALayer+Animation.swift */; };
		D5966CC8254CEFD000A1EA07 /* PrepareImageStoryViewController.swift in Sources */ = {isa = PBXBuildFile; fileRef = D5966CC7254CEFD000A1EA07 /* PrepareImageStoryViewController.swift */; };
		D5966CCB254CF30F00A1EA07 /* PrepareVideoStoryViewController.swift in Sources */ = {isa = PBXBuildFile; fileRef = D5966CCA254CF30F00A1EA07 /* PrepareVideoStoryViewController.swift */; };
		D5B5D8F725485B6500A73809 /* R.generated.swift in Sources */ = {isa = PBXBuildFile; fileRef = D5B5D8F625485B6500A73809 /* R.generated.swift */; };
		D5B5D9172548610C00A73809 /* Product.swift in Sources */ = {isa = PBXBuildFile; fileRef = D5B5D9162548610C00A73809 /* Product.swift */; };
		D5B5D9382548B91900A73809 /* PhotoSize.swift in Sources */ = {isa = PBXBuildFile; fileRef = D5B5D9372548B91900A73809 /* PhotoSize.swift */; };
		D5B5D93B2548BA8100A73809 /* ResponseItems.swift in Sources */ = {isa = PBXBuildFile; fileRef = D5B5D93A2548BA8100A73809 /* ResponseItems.swift */; };
		D5B5D9402548C57400A73809 /* Group.swift in Sources */ = {isa = PBXBuildFile; fileRef = D5B5D93F2548C57400A73809 /* Group.swift */; };
		D5B5D9432548C66700A73809 /* City.swift in Sources */ = {isa = PBXBuildFile; fileRef = D5B5D9422548C66700A73809 /* City.swift */; };
		D5B5D9482548DA3F00A73809 /* Photo.swift in Sources */ = {isa = PBXBuildFile; fileRef = D5B5D9472548DA3F00A73809 /* Photo.swift */; };
		D5B5D94B2548DFB500A73809 /* Price.swift in Sources */ = {isa = PBXBuildFile; fileRef = D5B5D94A2548DFB500A73809 /* Price.swift */; };
		D5B5D94F2548E20200A73809 /* Country.swift in Sources */ = {isa = PBXBuildFile; fileRef = D5B5D94E2548E20200A73809 /* Country.swift */; };
		D5B5D9552548FDD500A73809 /* MarketListViewController.swift in Sources */ = {isa = PBXBuildFile; fileRef = D5B5D9542548FDD500A73809 /* MarketListViewController.swift */; };
		D5B5D9582548FEF100A73809 /* VkAuthManager.swift in Sources */ = {isa = PBXBuildFile; fileRef = D5B5D9572548FEF100A73809 /* VkAuthManager.swift */; };
		D5B5D95D2549048100A73809 /* MarketListCellModel.swift in Sources */ = {isa = PBXBuildFile; fileRef = D5B5D95C2549048100A73809 /* MarketListCellModel.swift */; };
		D5F2070F25490C9E00F9B71F /* UIImageView+setImageUrl.swift in Sources */ = {isa = PBXBuildFile; fileRef = D5F2070E25490C9E00F9B71F /* UIImageView+setImageUrl.swift */; };
		D5F207282549104D00F9B71F /* ObjectAssociation.swift in Sources */ = {isa = PBXBuildFile; fileRef = D5F207272549104D00F9B71F /* ObjectAssociation.swift */; };
		D5F2072C254913EC00F9B71F /* UserInfo.swift in Sources */ = {isa = PBXBuildFile; fileRef = D5F2072B254913EC00F9B71F /* UserInfo.swift */; };
		D5F207472549175000F9B71F /* Runtime.swift in Sources */ = {isa = PBXBuildFile; fileRef = D5F207462549175000F9B71F /* Runtime.swift */; };
		D5F2074B25491A9700F9B71F /* Cancellable.swift in Sources */ = {isa = PBXBuildFile; fileRef = D5F2074A25491A9700F9B71F /* Cancellable.swift */; };
		D5F2076E2549AE6200F9B71F /* MarketListLeaf.swift in Sources */ = {isa = PBXBuildFile; fileRef = D5F2076D2549AE6200F9B71F /* MarketListLeaf.swift */; };
		D5F207AB2549B7DE00F9B71F /* GenericDynamicCollectionView.swift in Sources */ = {isa = PBXBuildFile; fileRef = D5F207AA2549B7DE00F9B71F /* GenericDynamicCollectionView.swift */; };
		D5F207AE2549B80000F9B71F /* CollectionDescriptiveModel.swift in Sources */ = {isa = PBXBuildFile; fileRef = D5F207AD2549B80000F9B71F /* CollectionDescriptiveModel.swift */; };
		D5F207B12549B81E00F9B71F /* CollectionCellDescriptor.swift in Sources */ = {isa = PBXBuildFile; fileRef = D5F207B02549B81E00F9B71F /* CollectionCellDescriptor.swift */; };
		D5F207B82549BD1700F9B71F /* executeOnMainQueue.swift in Sources */ = {isa = PBXBuildFile; fileRef = D5F207B72549BD1700F9B71F /* executeOnMainQueue.swift */; };
		D5F207BB2549BED500F9B71F /* IndexPathDifference.swift in Sources */ = {isa = PBXBuildFile; fileRef = D5F207BA2549BED500F9B71F /* IndexPathDifference.swift */; };
		D5F207BE2549C8E500F9B71F /* UIColor+hex.swift in Sources */ = {isa = PBXBuildFile; fileRef = D5F207BD2549C8E500F9B71F /* UIColor+hex.swift */; };
		D5F207C12549D57B00F9B71F /* MarketListTitleView.swift in Sources */ = {isa = PBXBuildFile; fileRef = D5F207C02549D57B00F9B71F /* MarketListTitleView.swift */; };
		D5F207DB2549D5EB00F9B71F /* Action.swift in Sources */ = {isa = PBXBuildFile; fileRef = D5F207DA2549D5EB00F9B71F /* Action.swift */; };
		D5F207DE2549D8B700F9B71F /* HasApply.swift in Sources */ = {isa = PBXBuildFile; fileRef = D5F207DD2549D8B700F9B71F /* HasApply.swift */; };
		D5F207E12549D9F400F9B71F /* Constants.swift in Sources */ = {isa = PBXBuildFile; fileRef = D5F207E02549D9F400F9B71F /* Constants.swift */; };
		D5F207E4254A085700F9B71F /* BaseApiManager.swift in Sources */ = {isa = PBXBuildFile; fileRef = D5F207E3254A085700F9B71F /* BaseApiManager.swift */; };
		D5F207ED254A144B00F9B71F /* ChooseCityViewController.swift in Sources */ = {isa = PBXBuildFile; fileRef = D5F207EC254A144B00F9B71F /* ChooseCityViewController.swift */; };
		D5F207F2254A148300F9B71F /* ChooseCityLeaf.swift in Sources */ = {isa = PBXBuildFile; fileRef = D5F207F1254A148300F9B71F /* ChooseCityLeaf.swift */; };
		D5F207FA254AD61A00F9B71F /* MarketListApiManager.swift in Sources */ = {isa = PBXBuildFile; fileRef = D5F207F9254AD61A00F9B71F /* MarketListApiManager.swift */; };
		D5F20803254AD6DA00F9B71F /* ChooseCityApiManager.swift in Sources */ = {isa = PBXBuildFile; fileRef = D5F20802254AD6DA00F9B71F /* ChooseCityApiManager.swift */; };
		D5F4909E254B30660023D2A0 /* UIView+cornerRadius.swift in Sources */ = {isa = PBXBuildFile; fileRef = D5F4909D254B30660023D2A0 /* UIView+cornerRadius.swift */; };
		D5F490A2254B3CD00023D2A0 /* ImageTitleSubtitleCell.swift in Sources */ = {isa = PBXBuildFile; fileRef = D5F490A1254B3CD00023D2A0 /* ImageTitleSubtitleCell.swift */; };
/* End PBXBuildFile section */

/* Begin PBXFileReference section */
		9C2856238F7BE29BD2F28A14 /* Pods-Store.debug.xcconfig */ = {isa = PBXFileReference; includeInIndex = 1; lastKnownFileType = text.xcconfig; name = "Pods-Store.debug.xcconfig"; path = "Target Support Files/Pods-Store/Pods-Store.debug.xcconfig"; sourceTree = "<group>"; };
		D3261196A611B522A93C279E /* Pods_Store.framework */ = {isa = PBXFileReference; explicitFileType = wrapper.framework; includeInIndex = 0; path = Pods_Store.framework; sourceTree = BUILT_PRODUCTS_DIR; };
		D505B151254CD6EF003DCC46 /* BasePrepareStoryViewController.swift */ = {isa = PBXFileReference; fileEncoding = 4; lastKnownFileType = sourcecode.swift; path = BasePrepareStoryViewController.swift; sourceTree = "<group>"; };
		D505B152254CD6EF003DCC46 /* TrimSliderControl.swift */ = {isa = PBXFileReference; fileEncoding = 4; lastKnownFileType = sourcecode.swift; path = TrimSliderControl.swift; sourceTree = "<group>"; };
		D51AA2F5254ADFB00087CBF4 /* Identifiable.swift */ = {isa = PBXFileReference; lastKnownFileType = sourcecode.swift; path = Identifiable.swift; sourceTree = "<group>"; };
		D51AA2FD254AE7CD0087CBF4 /* ActionButton.swift */ = {isa = PBXFileReference; lastKnownFileType = sourcecode.swift; path = ActionButton.swift; sourceTree = "<group>"; };
		D51AA301254AE9140087CBF4 /* ChooseCityCell.swift */ = {isa = PBXFileReference; lastKnownFileType = sourcecode.swift; path = ChooseCityCell.swift; sourceTree = "<group>"; };
		D51AA319254B04BC0087CBF4 /* URL+appendingQueryParameters.swift */ = {isa = PBXFileReference; lastKnownFileType = sourcecode.swift; path = "URL+appendingQueryParameters.swift"; sourceTree = "<group>"; };
		D51AA31D254B0CC50087CBF4 /* ProductsListApiManager.swift */ = {isa = PBXFileReference; lastKnownFileType = sourcecode.swift; path = ProductsListApiManager.swift; sourceTree = "<group>"; };
		D51AA320254B108E0087CBF4 /* Optional+mapOnMain.swift */ = {isa = PBXFileReference; lastKnownFileType = sourcecode.swift; path = "Optional+mapOnMain.swift"; sourceTree = "<group>"; };
		D51AA324254B1F9B0087CBF4 /* ProductsListViewController.swift */ = {isa = PBXFileReference; lastKnownFileType = sourcecode.swift; path = ProductsListViewController.swift; sourceTree = "<group>"; };
		D51AA327254B1FE20087CBF4 /* ProductsListLeaf.swift */ = {isa = PBXFileReference; lastKnownFileType = sourcecode.swift; path = ProductsListLeaf.swift; sourceTree = "<group>"; };
		D51AA32E254B25C30087CBF4 /* ProductListCellModel.swift */ = {isa = PBXFileReference; lastKnownFileType = sourcecode.swift; path = ProductListCellModel.swift; sourceTree = "<group>"; };
		D51E843A254B68E700378BF9 /* ProductPageViewController.swift */ = {isa = PBXFileReference; lastKnownFileType = sourcecode.swift; path = ProductPageViewController.swift; sourceTree = "<group>"; };
		D51E843D254B68F900378BF9 /* ProductPageDescriptionCell.swift */ = {isa = PBXFileReference; lastKnownFileType = sourcecode.swift; path = ProductPageDescriptionCell.swift; sourceTree = "<group>"; };
		D51E8441254B6D1600378BF9 /* ImageCell.swift */ = {isa = PBXFileReference; lastKnownFileType = sourcecode.swift; path = ImageCell.swift; sourceTree = "<group>"; };
		D51E8445254B73BC00378BF9 /* SelectableButton.swift */ = {isa = PBXFileReference; lastKnownFileType = sourcecode.swift; path = SelectableButton.swift; sourceTree = "<group>"; };
		D51E8449254B763100378BF9 /* ProductPageLeaf.swift */ = {isa = PBXFileReference; lastKnownFileType = sourcecode.swift; path = ProductPageLeaf.swift; sourceTree = "<group>"; };
		D51E844D254B7DB700378BF9 /* ProductImageCellModel.swift */ = {isa = PBXFileReference; lastKnownFileType = sourcecode.swift; path = ProductImageCellModel.swift; sourceTree = "<group>"; };
		D51E8455254C483800378BF9 /* LinkResolverApiManager.swift */ = {isa = PBXFileReference; lastKnownFileType = sourcecode.swift; path = LinkResolverApiManager.swift; sourceTree = "<group>"; };
		D51E8458254C498200378BF9 /* GroupAndProducts.swift */ = {isa = PBXFileReference; lastKnownFileType = sourcecode.swift; path = GroupAndProducts.swift; sourceTree = "<group>"; };
		D51E845B254C4AB000378BF9 /* ProductPageApiManager.swift */ = {isa = PBXFileReference; lastKnownFileType = sourcecode.swift; path = ProductPageApiManager.swift; sourceTree = "<group>"; };
		D51E845E254C575900378BF9 /* UIView+animateWithCondition.swift */ = {isa = PBXFileReference; lastKnownFileType = sourcecode.swift; path = "UIView+animateWithCondition.swift"; sourceTree = "<group>"; };
		D51E8467254C594D00378BF9 /* PreviewView.swift */ = {isa = PBXFileReference; lastKnownFileType = sourcecode.swift; path = PreviewView.swift; sourceTree = "<group>"; };
		D51E846A254C5AB600378BF9 /* CaptureButton.swift */ = {isa = PBXFileReference; fileEncoding = 4; lastKnownFileType = sourcecode.swift; path = CaptureButton.swift; sourceTree = "<group>"; };
		D51E846D254C5B0400378BF9 /* CameraViewController.swift */ = {isa = PBXFileReference; fileEncoding = 4; lastKnownFileType = sourcecode.swift; path = CameraViewController.swift; sourceTree = "<group>"; };
		D51E8472254C5D6F00378BF9 /* CoreGraphics+Extensions.swift */ = {isa = PBXFileReference; fileEncoding = 4; lastKnownFileType = sourcecode.swift; path = "CoreGraphics+Extensions.swift"; sourceTree = "<group>"; };
		D51E8475254C649100378BF9 /* NSError+description.swift */ = {isa = PBXFileReference; lastKnownFileType = sourcecode.swift; path = "NSError+description.swift"; sourceTree = "<group>"; };
		D51E8478254C65B300378BF9 /* Bundle+displayName.swift */ = {isa = PBXFileReference; lastKnownFileType = sourcecode.swift; path = "Bundle+displayName.swift"; sourceTree = "<group>"; };
		D51E847B254C859900378BF9 /* UINavigationController+replaceTopController.swift */ = {isa = PBXFileReference; lastKnownFileType = sourcecode.swift; path = "UINavigationController+replaceTopController.swift"; sourceTree = "<group>"; };
		D523C0EE254857A50035985A /* Store.app */ = {isa = PBXFileReference; explicitFileType = wrapper.application; includeInIndex = 0; path = Store.app; sourceTree = BUILT_PRODUCTS_DIR; };
		D523C0F1254857A50035985A /* AppDelegate.swift */ = {isa = PBXFileReference; lastKnownFileType = sourcecode.swift; path = AppDelegate.swift; sourceTree = "<group>"; };
		D523C0F5254857A50035985A /* AuthViewController.swift */ = {isa = PBXFileReference; lastKnownFileType = sourcecode.swift; path = AuthViewController.swift; sourceTree = "<group>"; };
		D523C0F8254857A50035985A /* Base */ = {isa = PBXFileReference; lastKnownFileType = file.storyboard; name = Base; path = Base.lproj/Main.storyboard; sourceTree = "<group>"; };
		D523C0FA254857A70035985A /* Assets.xcassets */ = {isa = PBXFileReference; lastKnownFileType = folder.assetcatalog; path = Assets.xcassets; sourceTree = "<group>"; };
		D523C0FD254857A70035985A /* Base */ = {isa = PBXFileReference; lastKnownFileType = file.storyboard; name = Base; path = Base.lproj/LaunchScreen.storyboard; sourceTree = "<group>"; };
		D523C0FF254857A70035985A /* Info.plist */ = {isa = PBXFileReference; lastKnownFileType = text.plist.xml; path = Info.plist; sourceTree = "<group>"; };
		D5315E1C254CF77800F0859F /* ShareStoryApiManager.swift */ = {isa = PBXFileReference; lastKnownFileType = sourcecode.swift; path = ShareStoryApiManager.swift; sourceTree = "<group>"; };
		D543B5C3254D3BE8007AA5CB /* StoryProductView.swift */ = {isa = PBXFileReference; lastKnownFileType = sourcecode.swift; path = StoryProductView.swift; sourceTree = "<group>"; };
		D55DCB73254DD568002529D2 /* UIViewController+presentError.swift */ = {isa = PBXFileReference; lastKnownFileType = sourcecode.swift; path = "UIViewController+presentError.swift"; sourceTree = "<group>"; };
		D58778F9254CB5C0002040AA /* AVCaptureDevice.DiscoverySession+uniqueDevicePositionsCount.swift */ = {isa = PBXFileReference; lastKnownFileType = sourcecode.swift; path = "AVCaptureDevice.DiscoverySession+uniqueDevicePositionsCount.swift"; sourceTree = "<group>"; };
		D58778FC254CB7AB002040AA /* CALayer+Animation.swift */ = {isa = PBXFileReference; lastKnownFileType = sourcecode.swift; path = "CALayer+Animation.swift"; sourceTree = "<group>"; };
		D5966CC7254CEFD000A1EA07 /* PrepareImageStoryViewController.swift */ = {isa = PBXFileReference; lastKnownFileType = sourcecode.swift; path = PrepareImageStoryViewController.swift; sourceTree = "<group>"; };
		D5966CCA254CF30F00A1EA07 /* PrepareVideoStoryViewController.swift */ = {isa = PBXFileReference; lastKnownFileType = sourcecode.swift; path = PrepareVideoStoryViewController.swift; sourceTree = "<group>"; };
		D5B5D8F625485B6500A73809 /* R.generated.swift */ = {isa = PBXFileReference; fileEncoding = 4; lastKnownFileType = sourcecode.swift; path = R.generated.swift; sourceTree = "<group>"; };
		D5B5D9162548610C00A73809 /* Product.swift */ = {isa = PBXFileReference; lastKnownFileType = sourcecode.swift; path = Product.swift; sourceTree = "<group>"; };
		D5B5D9372548B91900A73809 /* PhotoSize.swift */ = {isa = PBXFileReference; lastKnownFileType = sourcecode.swift; path = PhotoSize.swift; sourceTree = "<group>"; };
		D5B5D93A2548BA8100A73809 /* ResponseItems.swift */ = {isa = PBXFileReference; lastKnownFileType = sourcecode.swift; path = ResponseItems.swift; sourceTree = "<group>"; };
		D5B5D93F2548C57400A73809 /* Group.swift */ = {isa = PBXFileReference; lastKnownFileType = sourcecode.swift; path = Group.swift; sourceTree = "<group>"; };
		D5B5D9422548C66700A73809 /* City.swift */ = {isa = PBXFileReference; lastKnownFileType = sourcecode.swift; path = City.swift; sourceTree = "<group>"; };
		D5B5D9472548DA3F00A73809 /* Photo.swift */ = {isa = PBXFileReference; lastKnownFileType = sourcecode.swift; path = Photo.swift; sourceTree = "<group>"; };
		D5B5D94A2548DFB500A73809 /* Price.swift */ = {isa = PBXFileReference; lastKnownFileType = sourcecode.swift; path = Price.swift; sourceTree = "<group>"; };
		D5B5D94E2548E20200A73809 /* Country.swift */ = {isa = PBXFileReference; lastKnownFileType = sourcecode.swift; path = Country.swift; sourceTree = "<group>"; };
		D5B5D9542548FDD500A73809 /* MarketListViewController.swift */ = {isa = PBXFileReference; lastKnownFileType = sourcecode.swift; path = MarketListViewController.swift; sourceTree = "<group>"; };
		D5B5D9572548FEF100A73809 /* VkAuthManager.swift */ = {isa = PBXFileReference; lastKnownFileType = sourcecode.swift; path = VkAuthManager.swift; sourceTree = "<group>"; };
		D5B5D95C2549048100A73809 /* MarketListCellModel.swift */ = {isa = PBXFileReference; lastKnownFileType = sourcecode.swift; path = MarketListCellModel.swift; sourceTree = "<group>"; };
		D5F2070E25490C9E00F9B71F /* UIImageView+setImageUrl.swift */ = {isa = PBXFileReference; lastKnownFileType = sourcecode.swift; path = "UIImageView+setImageUrl.swift"; sourceTree = "<group>"; };
		D5F207272549104D00F9B71F /* ObjectAssociation.swift */ = {isa = PBXFileReference; lastKnownFileType = sourcecode.swift; path = ObjectAssociation.swift; sourceTree = "<group>"; };
		D5F2072B254913EC00F9B71F /* UserInfo.swift */ = {isa = PBXFileReference; lastKnownFileType = sourcecode.swift; path = UserInfo.swift; sourceTree = "<group>"; };
		D5F207462549175000F9B71F /* Runtime.swift */ = {isa = PBXFileReference; fileEncoding = 4; lastKnownFileType = sourcecode.swift; path = Runtime.swift; sourceTree = "<group>"; };
		D5F2074A25491A9700F9B71F /* Cancellable.swift */ = {isa = PBXFileReference; lastKnownFileType = sourcecode.swift; path = Cancellable.swift; sourceTree = "<group>"; };
		D5F2076D2549AE6200F9B71F /* MarketListLeaf.swift */ = {isa = PBXFileReference; lastKnownFileType = sourcecode.swift; path = MarketListLeaf.swift; sourceTree = "<group>"; };
		D5F207AA2549B7DE00F9B71F /* GenericDynamicCollectionView.swift */ = {isa = PBXFileReference; lastKnownFileType = sourcecode.swift; path = GenericDynamicCollectionView.swift; sourceTree = "<group>"; };
		D5F207AD2549B80000F9B71F /* CollectionDescriptiveModel.swift */ = {isa = PBXFileReference; lastKnownFileType = sourcecode.swift; path = CollectionDescriptiveModel.swift; sourceTree = "<group>"; };
		D5F207B02549B81E00F9B71F /* CollectionCellDescriptor.swift */ = {isa = PBXFileReference; lastKnownFileType = sourcecode.swift; path = CollectionCellDescriptor.swift; sourceTree = "<group>"; };
		D5F207B72549BD1700F9B71F /* executeOnMainQueue.swift */ = {isa = PBXFileReference; lastKnownFileType = sourcecode.swift; path = executeOnMainQueue.swift; sourceTree = "<group>"; };
		D5F207BA2549BED500F9B71F /* IndexPathDifference.swift */ = {isa = PBXFileReference; lastKnownFileType = sourcecode.swift; path = IndexPathDifference.swift; sourceTree = "<group>"; };
		D5F207BD2549C8E500F9B71F /* UIColor+hex.swift */ = {isa = PBXFileReference; lastKnownFileType = sourcecode.swift; path = "UIColor+hex.swift"; sourceTree = "<group>"; };
		D5F207C02549D57B00F9B71F /* MarketListTitleView.swift */ = {isa = PBXFileReference; lastKnownFileType = sourcecode.swift; path = MarketListTitleView.swift; sourceTree = "<group>"; };
		D5F207DA2549D5EB00F9B71F /* Action.swift */ = {isa = PBXFileReference; lastKnownFileType = sourcecode.swift; path = Action.swift; sourceTree = "<group>"; };
		D5F207DD2549D8B700F9B71F /* HasApply.swift */ = {isa = PBXFileReference; lastKnownFileType = sourcecode.swift; path = HasApply.swift; sourceTree = "<group>"; };
		D5F207E02549D9F400F9B71F /* Constants.swift */ = {isa = PBXFileReference; lastKnownFileType = sourcecode.swift; path = Constants.swift; sourceTree = "<group>"; };
		D5F207E3254A085700F9B71F /* BaseApiManager.swift */ = {isa = PBXFileReference; lastKnownFileType = sourcecode.swift; path = BaseApiManager.swift; sourceTree = "<group>"; };
		D5F207EC254A144B00F9B71F /* ChooseCityViewController.swift */ = {isa = PBXFileReference; lastKnownFileType = sourcecode.swift; path = ChooseCityViewController.swift; sourceTree = "<group>"; };
		D5F207F1254A148300F9B71F /* ChooseCityLeaf.swift */ = {isa = PBXFileReference; lastKnownFileType = sourcecode.swift; path = ChooseCityLeaf.swift; sourceTree = "<group>"; };
		D5F207F9254AD61A00F9B71F /* MarketListApiManager.swift */ = {isa = PBXFileReference; fileEncoding = 4; lastKnownFileType = sourcecode.swift; path = MarketListApiManager.swift; sourceTree = "<group>"; };
		D5F20802254AD6DA00F9B71F /* ChooseCityApiManager.swift */ = {isa = PBXFileReference; lastKnownFileType = sourcecode.swift; path = ChooseCityApiManager.swift; sourceTree = "<group>"; };
		D5F4909D254B30660023D2A0 /* UIView+cornerRadius.swift */ = {isa = PBXFileReference; lastKnownFileType = sourcecode.swift; path = "UIView+cornerRadius.swift"; sourceTree = "<group>"; };
		D5F490A1254B3CD00023D2A0 /* ImageTitleSubtitleCell.swift */ = {isa = PBXFileReference; lastKnownFileType = sourcecode.swift; path = ImageTitleSubtitleCell.swift; sourceTree = "<group>"; };
		E8FDE494F660D55EA1751D69 /* Pods-Store.release.xcconfig */ = {isa = PBXFileReference; includeInIndex = 1; lastKnownFileType = text.xcconfig; name = "Pods-Store.release.xcconfig"; path = "Target Support Files/Pods-Store/Pods-Store.release.xcconfig"; sourceTree = "<group>"; };
/* End PBXFileReference section */

/* Begin PBXFrameworksBuildPhase section */
		D523C0EB254857A50035985A /* Frameworks */ = {
			isa = PBXFrameworksBuildPhase;
			buildActionMask = 2147483647;
			files = (
				399D55F169A6CD12A235DBD8 /* Pods_Store.framework in Frameworks */,
			);
			runOnlyForDeploymentPostprocessing = 0;
		};
/* End PBXFrameworksBuildPhase section */

/* Begin PBXGroup section */
		29DB0B4BDA86BF467FF0636C /* Frameworks */ = {
			isa = PBXGroup;
			children = (
				D3261196A611B522A93C279E /* Pods_Store.framework */,
			);
			name = Frameworks;
			sourceTree = "<group>";
		};
		D3443B29BBB77C28CC12F1B3 /* Pods */ = {
			isa = PBXGroup;
			children = (
				9C2856238F7BE29BD2F28A14 /* Pods-Store.debug.xcconfig */,
				E8FDE494F660D55EA1751D69 /* Pods-Store.release.xcconfig */,
			);
			path = Pods;
			sourceTree = "<group>";
		};
		D505B150254CD6DB003DCC46 /* StoryPrepare */ = {
			isa = PBXGroup;
			children = (
				D505B151254CD6EF003DCC46 /* BasePrepareStoryViewController.swift */,
				D5966CC7254CEFD000A1EA07 /* PrepareImageStoryViewController.swift */,
				D5966CCA254CF30F00A1EA07 /* PrepareVideoStoryViewController.swift */,
				D505B152254CD6EF003DCC46 /* TrimSliderControl.swift */,
				D543B5C3254D3BE8007AA5CB /* StoryProductView.swift */,
			);
			path = StoryPrepare;
			sourceTree = "<group>";
		};
		D51AA2FC254AE7BB0087CBF4 /* CustomViews */ = {
			isa = PBXGroup;
			children = (
				D51E846A254C5AB600378BF9 /* CaptureButton.swift */,
				D51AA2FD254AE7CD0087CBF4 /* ActionButton.swift */,
				D51E8467254C594D00378BF9 /* PreviewView.swift */,
				D51E8445254B73BC00378BF9 /* SelectableButton.swift */,
			);
			path = CustomViews;
			sourceTree = "<group>";
		};
		D51AA323254B1F880087CBF4 /* ProductsList */ = {
			isa = PBXGroup;
			children = (
				D51AA324254B1F9B0087CBF4 /* ProductsListViewController.swift */,
				D51AA32E254B25C30087CBF4 /* ProductListCellModel.swift */,
			);
			path = ProductsList;
			sourceTree = "<group>";
		};
		D51AA32A254B21390087CBF4 /* MarketList */ = {
			isa = PBXGroup;
			children = (
				D5F2076D2549AE6200F9B71F /* MarketListLeaf.swift */,
				D5F207F1254A148300F9B71F /* ChooseCityLeaf.swift */,
			);
			path = MarketList;
			sourceTree = "<group>";
		};
		D51AA32C254B213F0087CBF4 /* ProductsList */ = {
			isa = PBXGroup;
			children = (
				D51AA327254B1FE20087CBF4 /* ProductsListLeaf.swift */,
			);
			path = ProductsList;
			sourceTree = "<group>";
		};
		D51E8439254B68CE00378BF9 /* ProductPage */ = {
			isa = PBXGroup;
			children = (
				D51E843A254B68E700378BF9 /* ProductPageViewController.swift */,
				D51E843D254B68F900378BF9 /* ProductPageDescriptionCell.swift */,
				D51E844D254B7DB700378BF9 /* ProductImageCellModel.swift */,
			);
			path = ProductPage;
			sourceTree = "<group>";
		};
		D51E8448254B761900378BF9 /* ProductPage */ = {
			isa = PBXGroup;
			children = (
				D51E8449254B763100378BF9 /* ProductPageLeaf.swift */,
			);
			path = ProductPage;
			sourceTree = "<group>";
		};
		D51E8461254C58A900378BF9 /* CameraViewController */ = {
			isa = PBXGroup;
			children = (
				D51E846D254C5B0400378BF9 /* CameraViewController.swift */,
			);
			path = CameraViewController;
			sourceTree = "<group>";
		};
		D523C0E5254857A50035985A = {
			isa = PBXGroup;
			children = (
				D523C0F0254857A50035985A /* Store */,
				D523C0EF254857A50035985A /* Products */,
				D3443B29BBB77C28CC12F1B3 /* Pods */,
				29DB0B4BDA86BF467FF0636C /* Frameworks */,
			);
			sourceTree = "<group>";
		};
		D523C0EF254857A50035985A /* Products */ = {
			isa = PBXGroup;
			children = (
				D523C0EE254857A50035985A /* Store.app */,
			);
			name = Products;
			sourceTree = "<group>";
		};
		D523C0F0254857A50035985A /* Store */ = {
			isa = PBXGroup;
			children = (
				D5F207452549174600F9B71F /* Elm */,
				D5B5D90C25485E1F00A73809 /* View */,
				D5B5D9192548629200A73809 /* Network */,
				D5B5D90B25485E1600A73809 /* Model */,
				D5F207262549104300F9B71F /* Utils */,
				D5B5D8EF25485AC200A73809 /* Supporting files */,
			);
			path = Store;
			sourceTree = "<group>";
		};
		D5B5D8EF25485AC200A73809 /* Supporting files */ = {
			isa = PBXGroup;
			children = (
				D5B5D8F625485B6500A73809 /* R.generated.swift */,
				D523C0F1254857A50035985A /* AppDelegate.swift */,
				D523C0FA254857A70035985A /* Assets.xcassets */,
				D523C0FC254857A70035985A /* LaunchScreen.storyboard */,
				D523C0FF254857A70035985A /* Info.plist */,
			);
			path = "Supporting files";
			sourceTree = "<group>";
		};
		D5B5D90B25485E1600A73809 /* Model */ = {
			isa = PBXGroup;
			children = (
				D5B5D9162548610C00A73809 /* Product.swift */,
				D5B5D94A2548DFB500A73809 /* Price.swift */,
				D5B5D9472548DA3F00A73809 /* Photo.swift */,
				D5B5D93F2548C57400A73809 /* Group.swift */,
				D5B5D9422548C66700A73809 /* City.swift */,
				D5B5D94E2548E20200A73809 /* Country.swift */,
				D5F2072B254913EC00F9B71F /* UserInfo.swift */,
				D5B5D9372548B91900A73809 /* PhotoSize.swift */,
				D51E8458254C498200378BF9 /* GroupAndProducts.swift */,
			);
			path = Model;
			sourceTree = "<group>";
		};
		D5B5D90C25485E1F00A73809 /* View */ = {
			isa = PBXGroup;
			children = (
				D523C0F7254857A50035985A /* Main.storyboard */,
				D5B5D90E25485E4B00A73809 /* Controllers */,
				D5F207932549B54500F9B71F /* GenericCollectionView */,
				D51AA2FC254AE7BB0087CBF4 /* CustomViews */,
				D5F2070D25490C7B00F9B71F /* Extensions */,
			);
			path = View;
			sourceTree = "<group>";
		};
		D5B5D90E25485E4B00A73809 /* Controllers */ = {
			isa = PBXGroup;
			children = (
				D5F2074D25491E5700F9B71F /* Auth */,
				D5B5D95A2549046F00A73809 /* MarketList */,
				D51AA323254B1F880087CBF4 /* ProductsList */,
				D51E8439254B68CE00378BF9 /* ProductPage */,
				D51E8461254C58A900378BF9 /* CameraViewController */,
				D505B150254CD6DB003DCC46 /* StoryPrepare */,
			);
			path = Controllers;
			sourceTree = "<group>";
		};
		D5B5D9192548629200A73809 /* Network */ = {
			isa = PBXGroup;
			children = (
				D5F207F9254AD61A00F9B71F /* MarketListApiManager.swift */,
				D5315E1C254CF77800F0859F /* ShareStoryApiManager.swift */,
				D51AA31D254B0CC50087CBF4 /* ProductsListApiManager.swift */,
				D51E845B254C4AB000378BF9 /* ProductPageApiManager.swift */,
				D5F20802254AD6DA00F9B71F /* ChooseCityApiManager.swift */,
				D51E8455254C483800378BF9 /* LinkResolverApiManager.swift */,
				D5B5D9572548FEF100A73809 /* VkAuthManager.swift */,
				D5F207FC254AD62400F9B71F /* Base */,
			);
			path = Network;
			sourceTree = "<group>";
		};
		D5B5D95A2549046F00A73809 /* MarketList */ = {
			isa = PBXGroup;
			children = (
				D5B5D9542548FDD500A73809 /* MarketListViewController.swift */,
				D5F207C02549D57B00F9B71F /* MarketListTitleView.swift */,
				D5B5D95C2549048100A73809 /* MarketListCellModel.swift */,
				D5F207EB254A143800F9B71F /* ChooseCity */,
			);
			path = MarketList;
			sourceTree = "<group>";
		};
		D5F2070D25490C7B00F9B71F /* Extensions */ = {
			isa = PBXGroup;
			children = (
				D51E8472254C5D6F00378BF9 /* CoreGraphics+Extensions.swift */,
				D51E847B254C859900378BF9 /* UINavigationController+replaceTopController.swift */,
				D5F2070E25490C9E00F9B71F /* UIImageView+setImageUrl.swift */,
				D51E845E254C575900378BF9 /* UIView+animateWithCondition.swift */,
				D5F207E02549D9F400F9B71F /* Constants.swift */,
				D5F207BD2549C8E500F9B71F /* UIColor+hex.swift */,
				D5F4909D254B30660023D2A0 /* UIView+cornerRadius.swift */,
				D58778F9254CB5C0002040AA /* AVCaptureDevice.DiscoverySession+uniqueDevicePositionsCount.swift */,
				D58778FC254CB7AB002040AA /* CALayer+Animation.swift */,
				D55DCB73254DD568002529D2 /* UIViewController+presentError.swift */,
			);
			path = Extensions;
			sourceTree = "<group>";
		};
		D5F207262549104300F9B71F /* Utils */ = {
			isa = PBXGroup;
			children = (
				D5F207272549104D00F9B71F /* ObjectAssociation.swift */,
				D51E8475254C649100378BF9 /* NSError+description.swift */,
				D51E8478254C65B300378BF9 /* Bundle+displayName.swift */,
				D5F207DD2549D8B700F9B71F /* HasApply.swift */,
				D5F207DA2549D5EB00F9B71F /* Action.swift */,
				D5F207B72549BD1700F9B71F /* executeOnMainQueue.swift */,
				D5F2074A25491A9700F9B71F /* Cancellable.swift */,
				D51AA2F5254ADFB00087CBF4 /* Identifiable.swift */,
				D51AA320254B108E0087CBF4 /* Optional+mapOnMain.swift */,
			);
			path = Utils;
			sourceTree = "<group>";
		};
		D5F207452549174600F9B71F /* Elm */ = {
			isa = PBXGroup;
			children = (
				D51AA32A254B21390087CBF4 /* MarketList */,
				D51AA32C254B213F0087CBF4 /* ProductsList */,
				D51E8448254B761900378BF9 /* ProductPage */,
				D5F207FF254AD67800F9B71F /* Base */,
			);
			path = Elm;
			sourceTree = "<group>";
		};
		D5F2074D25491E5700F9B71F /* Auth */ = {
			isa = PBXGroup;
			children = (
				D523C0F5254857A50035985A /* AuthViewController.swift */,
			);
			path = Auth;
			sourceTree = "<group>";
		};
		D5F207932549B54500F9B71F /* GenericCollectionView */ = {
			isa = PBXGroup;
			children = (
				D5F490A0254B3CC50023D2A0 /* Cells */,
				D5F207AA2549B7DE00F9B71F /* GenericDynamicCollectionView.swift */,
				D5F207AD2549B80000F9B71F /* CollectionDescriptiveModel.swift */,
				D5F207B02549B81E00F9B71F /* CollectionCellDescriptor.swift */,
				D5F207BA2549BED500F9B71F /* IndexPathDifference.swift */,
			);
			path = GenericCollectionView;
			sourceTree = "<group>";
		};
		D5F207EB254A143800F9B71F /* ChooseCity */ = {
			isa = PBXGroup;
			children = (
				D5F207EC254A144B00F9B71F /* ChooseCityViewController.swift */,
				D51AA301254AE9140087CBF4 /* ChooseCityCell.swift */,
			);
			path = ChooseCity;
			sourceTree = "<group>";
		};
		D5F207FC254AD62400F9B71F /* Base */ = {
			isa = PBXGroup;
			children = (
				D5F207E3254A085700F9B71F /* BaseApiManager.swift */,
				D5B5D93A2548BA8100A73809 /* ResponseItems.swift */,
				D51AA319254B04BC0087CBF4 /* URL+appendingQueryParameters.swift */,
			);
			path = Base;
			sourceTree = "<group>";
		};
		D5F207FF254AD67800F9B71F /* Base */ = {
			isa = PBXGroup;
			children = (
				D5F207462549175000F9B71F /* Runtime.swift */,
			);
			path = Base;
			sourceTree = "<group>";
		};
		D5F490A0254B3CC50023D2A0 /* Cells */ = {
			isa = PBXGroup;
			children = (
				D51E8441254B6D1600378BF9 /* ImageCell.swift */,
				D5F490A1254B3CD00023D2A0 /* ImageTitleSubtitleCell.swift */,
			);
			path = Cells;
			sourceTree = "<group>";
		};
/* End PBXGroup section */

/* Begin PBXNativeTarget section */
		D523C0ED254857A50035985A /* Store */ = {
			isa = PBXNativeTarget;
			buildConfigurationList = D523C102254857A70035985A /* Build configuration list for PBXNativeTarget "Store" */;
			buildPhases = (
				BFE7C606FF88A1973E9E85AF /* [CP] Check Pods Manifest.lock */,
				D5B5D8EC25485A6E00A73809 /* R.swift */,
				D5B5D8ED25485A7100A73809 /* Swift lint */,
				D523C0EA254857A50035985A /* Sources */,
				D523C0EB254857A50035985A /* Frameworks */,
				D523C0EC254857A50035985A /* Resources */,
				52E1FCF7E1C8BB64D5C86DDE /* [CP] Embed Pods Frameworks */,
			);
			buildRules = (
			);
			dependencies = (
			);
			name = Store;
			packageProductDependencies = (
			);
			productName = Store;
			productReference = D523C0EE254857A50035985A /* Store.app */;
			productType = "com.apple.product-type.application";
		};
/* End PBXNativeTarget section */

/* Begin PBXProject section */
		D523C0E6254857A50035985A /* Project object */ = {
			isa = PBXProject;
			attributes = {
				LastSwiftUpdateCheck = 1200;
				LastUpgradeCheck = 1200;
				TargetAttributes = {
					D523C0ED254857A50035985A = {
						CreatedOnToolsVersion = 12.0.1;
					};
				};
			};
			buildConfigurationList = D523C0E9254857A50035985A /* Build configuration list for PBXProject "Store" */;
			compatibilityVersion = "Xcode 9.3";
			developmentRegion = en;
			hasScannedForEncodings = 0;
			knownRegions = (
				en,
				Base,
			);
			mainGroup = D523C0E5254857A50035985A;
			packageReferences = (
			);
			productRefGroup = D523C0EF254857A50035985A /* Products */;
			projectDirPath = "";
			projectRoot = "";
			targets = (
				D523C0ED254857A50035985A /* Store */,
			);
		};
/* End PBXProject section */

/* Begin PBXResourcesBuildPhase section */
		D523C0EC254857A50035985A /* Resources */ = {
			isa = PBXResourcesBuildPhase;
			buildActionMask = 2147483647;
			files = (
				D523C0FE254857A70035985A /* LaunchScreen.storyboard in Resources */,
				D523C0FB254857A70035985A /* Assets.xcassets in Resources */,
				D523C0F9254857A50035985A /* Main.storyboard in Resources */,
			);
			runOnlyForDeploymentPostprocessing = 0;
		};
/* End PBXResourcesBuildPhase section */

/* Begin PBXShellScriptBuildPhase section */
		52E1FCF7E1C8BB64D5C86DDE /* [CP] Embed Pods Frameworks */ = {
			isa = PBXShellScriptBuildPhase;
			buildActionMask = 2147483647;
			files = (
			);
			inputFileListPaths = (
				"${PODS_ROOT}/Target Support Files/Pods-Store/Pods-Store-frameworks-${CONFIGURATION}-input-files.xcfilelist",
			);
			name = "[CP] Embed Pods Frameworks";
			outputFileListPaths = (
				"${PODS_ROOT}/Target Support Files/Pods-Store/Pods-Store-frameworks-${CONFIGURATION}-output-files.xcfilelist",
			);
			runOnlyForDeploymentPostprocessing = 0;
			shellPath = /bin/sh;
			shellScript = "\"${PODS_ROOT}/Target Support Files/Pods-Store/Pods-Store-frameworks.sh\"\n";
			showEnvVarsInLog = 0;
		};
		BFE7C606FF88A1973E9E85AF /* [CP] Check Pods Manifest.lock */ = {
			isa = PBXShellScriptBuildPhase;
			buildActionMask = 2147483647;
			files = (
			);
			inputFileListPaths = (
			);
			inputPaths = (
				"${PODS_PODFILE_DIR_PATH}/Podfile.lock",
				"${PODS_ROOT}/Manifest.lock",
			);
			name = "[CP] Check Pods Manifest.lock";
			outputFileListPaths = (
			);
			outputPaths = (
				"$(DERIVED_FILE_DIR)/Pods-Store-checkManifestLockResult.txt",
			);
			runOnlyForDeploymentPostprocessing = 0;
			shellPath = /bin/sh;
			shellScript = "diff \"${PODS_PODFILE_DIR_PATH}/Podfile.lock\" \"${PODS_ROOT}/Manifest.lock\" > /dev/null\nif [ $? != 0 ] ; then\n    # print error to STDERR\n    echo \"error: The sandbox is not in sync with the Podfile.lock. Run 'pod install' or update your CocoaPods installation.\" >&2\n    exit 1\nfi\n# This output is used by Xcode 'outputs' to avoid re-running this script phase.\necho \"SUCCESS\" > \"${SCRIPT_OUTPUT_FILE_0}\"\n";
			showEnvVarsInLog = 0;
		};
		D5B5D8EC25485A6E00A73809 /* R.swift */ = {
			isa = PBXShellScriptBuildPhase;
			buildActionMask = 2147483647;
			files = (
			);
			inputFileListPaths = (
			);
			inputPaths = (
				"$(TEMP_DIR)/rswift-lastrun",
			);
			name = R.swift;
			outputFileListPaths = (
			);
			outputPaths = (
				"$(SRCROOT)/Store/Supporting files/R.generated.swift",
			);
			runOnlyForDeploymentPostprocessing = 0;
			shellPath = /bin/sh;
			shellScript = "rswift=\"$PODS_ROOT/R.swift/rswift\"\nif [ -f $rswift ]; then\n  $rswift generate \"$SRCROOT/Store/Supporting files/R.generated.swift\"\nelse\n  echo \"error: R.swift not installed; run pod install to install\"\n  return -1\nfi\n";
		};
		D5B5D8ED25485A7100A73809 /* Swift lint */ = {
			isa = PBXShellScriptBuildPhase;
			buildActionMask = 2147483647;
			files = (
			);
			inputFileListPaths = (
			);
			inputPaths = (
			);
			name = "Swift lint";
			outputFileListPaths = (
			);
			outputPaths = (
			);
			runOnlyForDeploymentPostprocessing = 0;
			shellPath = /bin/sh;
			shellScript = "if which swiftlint >/dev/null; then\n    swiftlint\nelse\n    echo \"warning: SwiftLint not installed, download from https://github.com/realm/SwiftLint\"\nfi\n";
		};
/* End PBXShellScriptBuildPhase section */

/* Begin PBXSourcesBuildPhase section */
		D523C0EA254857A50035985A /* Sources */ = {
			isa = PBXSourcesBuildPhase;
			buildActionMask = 2147483647;
			files = (
				D51AA328254B1FE20087CBF4 /* ProductsListLeaf.swift in Sources */,
				D55DCB74254DD568002529D2 /* UIViewController+presentError.swift in Sources */,
				D5F2072C254913EC00F9B71F /* UserInfo.swift in Sources */,
				D5F207DE2549D8B700F9B71F /* HasApply.swift in Sources */,
				D51AA325254B1F9B0087CBF4 /* ProductsListViewController.swift in Sources */,
				D5F207E4254A085700F9B71F /* BaseApiManager.swift in Sources */,
				D5F207F2254A148300F9B71F /* ChooseCityLeaf.swift in Sources */,
				D5966CC8254CEFD000A1EA07 /* PrepareImageStoryViewController.swift in Sources */,
				D5F207FA254AD61A00F9B71F /* MarketListApiManager.swift in Sources */,
				D505B154254CD6EF003DCC46 /* TrimSliderControl.swift in Sources */,
				D5F207E12549D9F400F9B71F /* Constants.swift in Sources */,
				D5B5D9382548B91900A73809 /* PhotoSize.swift in Sources */,
				D5F207B82549BD1700F9B71F /* executeOnMainQueue.swift in Sources */,
				D51E847C254C859900378BF9 /* UINavigationController+replaceTopController.swift in Sources */,
				D5B5D9432548C66700A73809 /* City.swift in Sources */,
				D58778FA254CB5C0002040AA /* AVCaptureDevice.DiscoverySession+uniqueDevicePositionsCount.swift in Sources */,
				D51E8468254C594D00378BF9 /* PreviewView.swift in Sources */,
				D5F207472549175000F9B71F /* Runtime.swift in Sources */,
				D523C0F6254857A50035985A /* AuthViewController.swift in Sources */,
				D51AA32F254B25C30087CBF4 /* ProductListCellModel.swift in Sources */,
				D5B5D94F2548E20200A73809 /* Country.swift in Sources */,
				D5315E1D254CF77800F0859F /* ShareStoryApiManager.swift in Sources */,
				D5B5D9402548C57400A73809 /* Group.swift in Sources */,
				D5F207BB2549BED500F9B71F /* IndexPathDifference.swift in Sources */,
				D543B5C4254D3BE8007AA5CB /* StoryProductView.swift in Sources */,
				D5F207C12549D57B00F9B71F /* MarketListTitleView.swift in Sources */,
				D5F207282549104D00F9B71F /* ObjectAssociation.swift in Sources */,
				D51E8442254B6D1600378BF9 /* ImageCell.swift in Sources */,
				D51E843B254B68E700378BF9 /* ProductPageViewController.swift in Sources */,
				D5B5D94B2548DFB500A73809 /* Price.swift in Sources */,
				D5F207DB2549D5EB00F9B71F /* Action.swift in Sources */,
				D523C0F2254857A50035985A /* AppDelegate.swift in Sources */,
				D5F4909E254B30660023D2A0 /* UIView+cornerRadius.swift in Sources */,
				D5B5D9482548DA3F00A73809 /* Photo.swift in Sources */,
				D5F207B12549B81E00F9B71F /* CollectionCellDescriptor.swift in Sources */,
				D51E8459254C498200378BF9 /* GroupAndProducts.swift in Sources */,
				D51E8476254C649100378BF9 /* NSError+description.swift in Sources */,
				D51E843E254B68F900378BF9 /* ProductPageDescriptionCell.swift in Sources */,
				D51AA31E254B0CC50087CBF4 /* ProductsListApiManager.swift in Sources */,
				D51E8456254C483800378BF9 /* LinkResolverApiManager.swift in Sources */,
				D51E844E254B7DB700378BF9 /* ProductImageCellModel.swift in Sources */,
				D5F207AB2549B7DE00F9B71F /* GenericDynamicCollectionView.swift in Sources */,
				D51AA321254B108E0087CBF4 /* Optional+mapOnMain.swift in Sources */,
				D5F490A2254B3CD00023D2A0 /* ImageTitleSubtitleCell.swift in Sources */,
				D51E844A254B763100378BF9 /* ProductPageLeaf.swift in Sources */,
				D5B5D9552548FDD500A73809 /* MarketListViewController.swift in Sources */,
				D5F207AE2549B80000F9B71F /* CollectionDescriptiveModel.swift in Sources */,
				D51E845F254C575900378BF9 /* UIView+animateWithCondition.swift in Sources */,
				D58778FD254CB7AB002040AA /* CALayer+Animation.swift in Sources */,
				D51E846B254C5AB600378BF9 /* CaptureButton.swift in Sources */,
				D51E8473254C5D6F00378BF9 /* CoreGraphics+Extensions.swift in Sources */,
				D51E846E254C5B0400378BF9 /* CameraViewController.swift in Sources */,
				D5B5D8F725485B6500A73809 /* R.generated.swift in Sources */,
				D51E845C254C4AB000378BF9 /* ProductPageApiManager.swift in Sources */,
				D5B5D9582548FEF100A73809 /* VkAuthManager.swift in Sources */,
				D5B5D9172548610C00A73809 /* Product.swift in Sources */,
				D5F20803254AD6DA00F9B71F /* ChooseCityApiManager.swift in Sources */,
				D51AA2FE254AE7CD0087CBF4 /* ActionButton.swift in Sources */,
				D5F2074B25491A9700F9B71F /* Cancellable.swift in Sources */,
				D51AA2F6254ADFB00087CBF4 /* Identifiable.swift in Sources */,
				D5F2076E2549AE6200F9B71F /* MarketListLeaf.swift in Sources */,
				D51E8479254C65B300378BF9 /* Bundle+displayName.swift in Sources */,
				D51AA302254AE9140087CBF4 /* ChooseCityCell.swift in Sources */,
				D51E8446254B73BC00378BF9 /* SelectableButton.swift in Sources */,
				D5B5D93B2548BA8100A73809 /* ResponseItems.swift in Sources */,
				D5F207BE2549C8E500F9B71F /* UIColor+hex.swift in Sources */,
				D5F2070F25490C9E00F9B71F /* UIImageView+setImageUrl.swift in Sources */,
				D5966CCB254CF30F00A1EA07 /* PrepareVideoStoryViewController.swift in Sources */,
				D5B5D95D2549048100A73809 /* MarketListCellModel.swift in Sources */,
				D5F207ED254A144B00F9B71F /* ChooseCityViewController.swift in Sources */,
				D505B153254CD6EF003DCC46 /* BasePrepareStoryViewController.swift in Sources */,
				D51AA31A254B04BC0087CBF4 /* URL+appendingQueryParameters.swift in Sources */,
			);
			runOnlyForDeploymentPostprocessing = 0;
		};
/* End PBXSourcesBuildPhase section */

/* Begin PBXVariantGroup section */
		D523C0F7254857A50035985A /* Main.storyboard */ = {
			isa = PBXVariantGroup;
			children = (
				D523C0F8254857A50035985A /* Base */,
			);
			name = Main.storyboard;
			sourceTree = "<group>";
		};
		D523C0FC254857A70035985A /* LaunchScreen.storyboard */ = {
			isa = PBXVariantGroup;
			children = (
				D523C0FD254857A70035985A /* Base */,
			);
			name = LaunchScreen.storyboard;
			sourceTree = "<group>";
		};
/* End PBXVariantGroup section */

/* Begin XCBuildConfiguration section */
		D523C100254857A70035985A /* Debug */ = {
			isa = XCBuildConfiguration;
			buildSettings = {
				ALWAYS_SEARCH_USER_PATHS = NO;
				CLANG_ANALYZER_NONNULL = YES;
				CLANG_ANALYZER_NUMBER_OBJECT_CONVERSION = YES_AGGRESSIVE;
				CLANG_CXX_LANGUAGE_STANDARD = "gnu++14";
				CLANG_CXX_LIBRARY = "libc++";
				CLANG_ENABLE_MODULES = YES;
				CLANG_ENABLE_OBJC_ARC = YES;
				CLANG_ENABLE_OBJC_WEAK = YES;
				CLANG_WARN_BLOCK_CAPTURE_AUTORELEASING = YES;
				CLANG_WARN_BOOL_CONVERSION = YES;
				CLANG_WARN_COMMA = YES;
				CLANG_WARN_CONSTANT_CONVERSION = YES;
				CLANG_WARN_DEPRECATED_OBJC_IMPLEMENTATIONS = YES;
				CLANG_WARN_DIRECT_OBJC_ISA_USAGE = YES_ERROR;
				CLANG_WARN_DOCUMENTATION_COMMENTS = YES;
				CLANG_WARN_EMPTY_BODY = YES;
				CLANG_WARN_ENUM_CONVERSION = YES;
				CLANG_WARN_INFINITE_RECURSION = YES;
				CLANG_WARN_INT_CONVERSION = YES;
				CLANG_WARN_NON_LITERAL_NULL_CONVERSION = YES;
				CLANG_WARN_OBJC_IMPLICIT_RETAIN_SELF = YES;
				CLANG_WARN_OBJC_LITERAL_CONVERSION = YES;
				CLANG_WARN_OBJC_ROOT_CLASS = YES_ERROR;
				CLANG_WARN_QUOTED_INCLUDE_IN_FRAMEWORK_HEADER = YES;
				CLANG_WARN_RANGE_LOOP_ANALYSIS = YES;
				CLANG_WARN_STRICT_PROTOTYPES = YES;
				CLANG_WARN_SUSPICIOUS_MOVE = YES;
				CLANG_WARN_UNGUARDED_AVAILABILITY = YES_AGGRESSIVE;
				CLANG_WARN_UNREACHABLE_CODE = YES;
				CLANG_WARN__DUPLICATE_METHOD_MATCH = YES;
				COPY_PHASE_STRIP = NO;
				DEBUG_INFORMATION_FORMAT = dwarf;
				ENABLE_STRICT_OBJC_MSGSEND = YES;
				ENABLE_TESTABILITY = YES;
				EXCLUDED_ARCHS = armv7;
				GCC_C_LANGUAGE_STANDARD = gnu11;
				GCC_DYNAMIC_NO_PIC = NO;
				GCC_NO_COMMON_BLOCKS = YES;
				GCC_OPTIMIZATION_LEVEL = 0;
				GCC_PREPROCESSOR_DEFINITIONS = (
					"DEBUG=1",
					"$(inherited)",
				);
				GCC_WARN_64_TO_32_BIT_CONVERSION = YES;
				GCC_WARN_ABOUT_RETURN_TYPE = YES_ERROR;
				GCC_WARN_UNDECLARED_SELECTOR = YES;
				GCC_WARN_UNINITIALIZED_AUTOS = YES_AGGRESSIVE;
				GCC_WARN_UNUSED_FUNCTION = YES;
				GCC_WARN_UNUSED_VARIABLE = YES;
				IPHONEOS_DEPLOYMENT_TARGET = 14.0;
				MTL_ENABLE_DEBUG_INFO = INCLUDE_SOURCE;
				MTL_FAST_MATH = YES;
				ONLY_ACTIVE_ARCH = YES;
				SDKROOT = iphoneos;
				SWIFT_ACTIVE_COMPILATION_CONDITIONS = DEBUG;
				SWIFT_OPTIMIZATION_LEVEL = "-Onone";
			};
			name = Debug;
		};
		D523C101254857A70035985A /* Release */ = {
			isa = XCBuildConfiguration;
			buildSettings = {
				ALWAYS_SEARCH_USER_PATHS = NO;
				CLANG_ANALYZER_NONNULL = YES;
				CLANG_ANALYZER_NUMBER_OBJECT_CONVERSION = YES_AGGRESSIVE;
				CLANG_CXX_LANGUAGE_STANDARD = "gnu++14";
				CLANG_CXX_LIBRARY = "libc++";
				CLANG_ENABLE_MODULES = YES;
				CLANG_ENABLE_OBJC_ARC = YES;
				CLANG_ENABLE_OBJC_WEAK = YES;
				CLANG_WARN_BLOCK_CAPTURE_AUTORELEASING = YES;
				CLANG_WARN_BOOL_CONVERSION = YES;
				CLANG_WARN_COMMA = YES;
				CLANG_WARN_CONSTANT_CONVERSION = YES;
				CLANG_WARN_DEPRECATED_OBJC_IMPLEMENTATIONS = YES;
				CLANG_WARN_DIRECT_OBJC_ISA_USAGE = YES_ERROR;
				CLANG_WARN_DOCUMENTATION_COMMENTS = YES;
				CLANG_WARN_EMPTY_BODY = YES;
				CLANG_WARN_ENUM_CONVERSION = YES;
				CLANG_WARN_INFINITE_RECURSION = YES;
				CLANG_WARN_INT_CONVERSION = YES;
				CLANG_WARN_NON_LITERAL_NULL_CONVERSION = YES;
				CLANG_WARN_OBJC_IMPLICIT_RETAIN_SELF = YES;
				CLANG_WARN_OBJC_LITERAL_CONVERSION = YES;
				CLANG_WARN_OBJC_ROOT_CLASS = YES_ERROR;
				CLANG_WARN_QUOTED_INCLUDE_IN_FRAMEWORK_HEADER = YES;
				CLANG_WARN_RANGE_LOOP_ANALYSIS = YES;
				CLANG_WARN_STRICT_PROTOTYPES = YES;
				CLANG_WARN_SUSPICIOUS_MOVE = YES;
				CLANG_WARN_UNGUARDED_AVAILABILITY = YES_AGGRESSIVE;
				CLANG_WARN_UNREACHABLE_CODE = YES;
				CLANG_WARN__DUPLICATE_METHOD_MATCH = YES;
				COPY_PHASE_STRIP = NO;
				DEBUG_INFORMATION_FORMAT = "dwarf-with-dsym";
				ENABLE_NS_ASSERTIONS = NO;
				ENABLE_STRICT_OBJC_MSGSEND = YES;
				EXCLUDED_ARCHS = armv7;
				GCC_C_LANGUAGE_STANDARD = gnu11;
				GCC_NO_COMMON_BLOCKS = YES;
				GCC_WARN_64_TO_32_BIT_CONVERSION = YES;
				GCC_WARN_ABOUT_RETURN_TYPE = YES_ERROR;
				GCC_WARN_UNDECLARED_SELECTOR = YES;
				GCC_WARN_UNINITIALIZED_AUTOS = YES_AGGRESSIVE;
				GCC_WARN_UNUSED_FUNCTION = YES;
				GCC_WARN_UNUSED_VARIABLE = YES;
				IPHONEOS_DEPLOYMENT_TARGET = 14.0;
				MTL_ENABLE_DEBUG_INFO = NO;
				MTL_FAST_MATH = YES;
				SDKROOT = iphoneos;
				SWIFT_COMPILATION_MODE = wholemodule;
				SWIFT_OPTIMIZATION_LEVEL = "-O";
				VALIDATE_PRODUCT = YES;
			};
			name = Release;
		};
		D523C103254857A70035985A /* Debug */ = {
			isa = XCBuildConfiguration;
			baseConfigurationReference = 9C2856238F7BE29BD2F28A14 /* Pods-Store.debug.xcconfig */;
			buildSettings = {
				ASSETCATALOG_COMPILER_APPICON_NAME = AppIcon;
				ASSETCATALOG_COMPILER_GLOBAL_ACCENT_COLOR_NAME = AccentColor;
				CODE_SIGN_STYLE = Automatic;
				DEVELOPMENT_TEAM = UV9KR38NWW;
				INFOPLIST_FILE = "Store/Supporting files/Info.plist";
				IPHONEOS_DEPLOYMENT_TARGET = 10.0;
				LD_RUNPATH_SEARCH_PATHS = (
					"$(inherited)",
					"@executable_path/Frameworks",
				);
				OTHER_SWIFT_FLAGS = "$(inherited) -Xfrontend -warn-long-function-bodies=200 -Xfrontend -warn-long-expression-type-checking=200";
				PRODUCT_BUNDLE_IDENTIFIER = "Philip-Dukhov.VK-CUP-Final";
				PRODUCT_NAME = "$(TARGET_NAME)";
				SWIFT_VERSION = 5.0;
				TARGETED_DEVICE_FAMILY = 1;
			};
			name = Debug;
		};
		D523C104254857A70035985A /* Release */ = {
			isa = XCBuildConfiguration;
			baseConfigurationReference = E8FDE494F660D55EA1751D69 /* Pods-Store.release.xcconfig */;
			buildSettings = {
				ASSETCATALOG_COMPILER_APPICON_NAME = AppIcon;
				ASSETCATALOG_COMPILER_GLOBAL_ACCENT_COLOR_NAME = AccentColor;
				CODE_SIGN_STYLE = Automatic;
				DEVELOPMENT_TEAM = UV9KR38NWW;
				INFOPLIST_FILE = "Store/Supporting files/Info.plist";
				IPHONEOS_DEPLOYMENT_TARGET = 10.0;
				LD_RUNPATH_SEARCH_PATHS = (
					"$(inherited)",
					"@executable_path/Frameworks",
				);
				PRODUCT_BUNDLE_IDENTIFIER = "Philip-Dukhov.VK-CUP-Final";
				PRODUCT_NAME = "$(TARGET_NAME)";
				SWIFT_VERSION = 5.0;
				TARGETED_DEVICE_FAMILY = 1;
			};
			name = Release;
		};
/* End XCBuildConfiguration section */

/* Begin XCConfigurationList section */
		D523C0E9254857A50035985A /* Build configuration list for PBXProject "Store" */ = {
			isa = XCConfigurationList;
			buildConfigurations = (
				D523C100254857A70035985A /* Debug */,
				D523C101254857A70035985A /* Release */,
			);
			defaultConfigurationIsVisible = 0;
			defaultConfigurationName = Release;
		};
		D523C102254857A70035985A /* Build configuration list for PBXNativeTarget "Store" */ = {
			isa = XCConfigurationList;
			buildConfigurations = (
				D523C103254857A70035985A /* Debug */,
				D523C104254857A70035985A /* Release */,
			);
			defaultConfigurationIsVisible = 0;
			defaultConfigurationName = Release;
		};
/* End XCConfigurationList section */
	};
	rootObject = D523C0E6254857A50035985A /* Project object */;
}
